PODS:
  - AFNetworking (3.1.0):
    - AFNetworking/NSURLSession (= 3.1.0)
    - AFNetworking/Reachability (= 3.1.0)
    - AFNetworking/Security (= 3.1.0)
    - AFNetworking/Serialization (= 3.1.0)
    - AFNetworking/UIKit (= 3.1.0)
  - AFNetworking/NSURLSession (3.1.0):
    - AFNetworking/Reachability
    - AFNetworking/Security
    - AFNetworking/Serialization
  - AFNetworking/Reachability (3.1.0)
  - AFNetworking/Security (3.1.0)
  - AFNetworking/Serialization (3.1.0)
  - AFNetworking/UIKit (3.1.0):
    - AFNetworking/NSURLSession
  - Alamofire (4.7.2)
  - Alamofire-Synchronous (4.0.0):
    - Alamofire (~> 4.0)
  - BigInt (3.0.1):
    - SipHash (~> 1.2)
  - CDCommon (1.0.3):
    - CDCommon/Category (= 1.0.3)
    - CDCommon/Frame (= 1.0.3)
    - CDCommon/ImageTool (= 1.0.3)
  - CDCommon/Category (1.0.3)
  - CDCommon/Frame (1.0.3)
  - CDCommon/ImageTool (1.0.3)
  - CryptoSwift (0.9.0)
  - DACircularProgress (2.3.1)
  - FMDB (2.7.2):
    - FMDB/standard (= 2.7.2)
  - FMDB/standard (2.7.2)
  - HappyDNS (0.3.12)
  - IQKeyboardManager (5.0.2)
  - JCore (1.1.5)
  - JPush (3.0.6):
    - JCore (~> 1.1.1)
  - libsodium (1.0.12)
  - Masonry (1.0.2)
  - MBProgressHUD (0.9.2)
  - MJExtension (3.0.13)
  - MJRefresh (3.1.12)
  - NBHTTP (3.0.1):
    - AFNetworking (= 3.1.0)
  - PYPhotoBrowser (1.1.5):
    - DACircularProgress
    - MBProgressHUD
    - SDWebImage
  - Qiniu (7.1.5):
    - AFNetworking (~> 3)
    - HappyDNS (~> 0.3)
  - Result (3.0.0)
  - SDWebImage (3.8.1):
    - SDWebImage/Core (= 3.8.1)
  - SDWebImage/Core (3.8.1)
  - secp256k1_ios (0.1.3)
  - SGQRCode (2.1.8)
  - SipHash (1.2.1)
  - SVProgressHUD (2.2)
  - UIDeviceIdentifier (1.1.1)
  - UMengAnalytics-NO-IDFA (4.2.5)
  - web3swift (0.8.0):
    - Alamofire (~> 4.7)
    - Alamofire-Synchronous (~> 4.0)
    - BigInt (~> 3.0.1)
    - CryptoSwift (~> 0.9.0)
    - libsodium (~> 1.0.12)
    - Result (~> 3.0.0)
    - secp256k1_ios (~> 0.1.3)
  - ZendeskSDK (1.11.0.1):
    - ZendeskSDK/Providers (= 1.11.0.1)
    - ZendeskSDK/UI (= 1.11.0.1)
  - ZendeskSDK/Providers (1.11.0.1)
  - ZendeskSDK/UI (1.11.0.1):
    - ZendeskSDK/Providers

DEPENDENCIES:
  - AFNetworking (= 3.1.0)
  - CDCommon
  - FMDB
  - IQKeyboardManager (= 5.0.2)
  - JPush
  - Masonry (= 1.0.2)
  - MBProgressHUD (= 0.9.2)
  - MJExtension (= 3.0.13)
  - MJRefresh (= 3.1.12)
  - NBHTTP (= 3.0.1)
  - PYPhotoBrowser (= 1.1.5)
  - Qiniu (= 7.1.5)
  - SDWebImage (= 3.8.1)
  - SGQRCode (= 2.1.8)
  - SVProgressHUD (= 2.2)
  - UIDeviceIdentifier (from `https://github.com/squarefrog/UIDeviceIdentifier.git`)
  - UMengAnalytics-NO-IDFA
  - web3swift (~> 0.8.0)
  - ZendeskSDK

SPEC REPOS:
  https://github.com/cocoapods/specs.git:
    - AFNetworking
    - Alamofire
    - Alamofire-Synchronous
    - BigInt
    - CryptoSwift
    - DACircularProgress
    - FMDB
    - HappyDNS
    - IQKeyboardManager
    - JCore
    - JPush
    - libsodium
    - Masonry
    - MBProgressHUD
    - MJExtension
    - MJRefresh
    - PYPhotoBrowser
    - Qiniu
    - Result
    - SDWebImage
    - secp256k1_ios
    - SGQRCode
    - SipHash
    - SVProgressHUD
    - UMengAnalytics-NO-IDFA
    - web3swift
    - ZendeskSDK
  https://github.com/tianleios/CDSpecs.git:
    - CDCommon
    - NBHTTP

EXTERNAL SOURCES:
  UIDeviceIdentifier:
    :git: https://github.com/squarefrog/UIDeviceIdentifier.git

CHECKOUT OPTIONS:
  UIDeviceIdentifier:
    :commit: ab74270cb08ec710b01bc74bfdf8dccb29375d57
    :git: https://github.com/squarefrog/UIDeviceIdentifier.git

SPEC CHECKSUMS:
  AFNetworking: 5e0e199f73d8626b11e79750991f5d173d1f8b67
  Alamofire: e4fa87002c137ba2d8d634d2c51fabcda0d5c223
  Alamofire-Synchronous: eedf1e6e961c3795a63c74990b3f7d9fbfac7e50
  BigInt: 8e8a52161c745cd3ab78e3dc346a9fbee51e6cf6
  CDCommon: 3551a469e0787c1c7ffdb8d2e2ba912747b903a1
  CryptoSwift: bca8c5b653dcc2d9734409242a070ff53bafac86
  DACircularProgress: 4dd437c0fc3da5161cb289e07ac449493d41db71
  FMDB: 6198a90e7b6900cfc046e6bc0ef6ebb7be9236aa
  HappyDNS: 691a3041128055d09866f86e6e9ca90f24da1f18
  IQKeyboardManager: 5ab84749f20f682f784160c2c63bef4f19d10d26
  JCore: 9bd9c770c877c583d98b90a68792b8361974c231
  JPush: c41be50eb1a574a66aeb68d237f00a4ec6ec3a82
  libsodium: 9a8faa5ef2fa0d2d57bd7f7d79bf8fb7c1a9f0ea
  Masonry: 7c429b56da9d4ee0bbb3ed77a5ea710d6a5df39e
  MBProgressHUD: 1569cf7ace17a8bac47aabfbb8580a49690386d1
  MJExtension: 5932755f451458eefa24239358817f8d291240c7
  MJRefresh: b96cdb21c4aa75a7b07654311ab2f315c497e806
  NBHTTP: 4860b4121d8ace11c489b957a1b3333c52bac228
  PYPhotoBrowser: ae866ee6b263b2e680dbb0abcbbad32bae7db1e3
  Qiniu: 77a3dba411556a383d72d17e842345a9d4c83252
  Result: 1b3e431f37cbcd3ad89c6aa9ab0ae55515fae3b6
  SDWebImage: 35f9627a3e44b4f292a8a8ce6a531fa488239b91
  secp256k1_ios: ac9ef04e761f43c58012b28548afa91493761f17
  SGQRCode: 989df341fb231fc7bf7e82316de2fc8de2961e10
  SipHash: b26918dbe6925368d4322374371437c62c9038e2
  SVProgressHUD: 3f37f3409ddb15f35c99315ae7dc33c474aa3256
  UIDeviceIdentifier: 9281343882e24460235f00a0d7d2fc04a65688c6
  UMengAnalytics-NO-IDFA: 16666e32edce5be44ae5b14aaaa7f3582e09d6ab
  web3swift: a0c0f5f7ddab09af3119a76e1ef304b050b4595e
  ZendeskSDK: 4e075d7610e74755c576188886a073cfc5810145

PODFILE CHECKSUM: 0e7bc28452e8ff389d8b3a7d67e9801e0e3081d0

COCOAPODS: 1.5.2
