// !$*UTF8*$!
{
	archiveVersion = 1;
	classes = {
	};
	objectVersion = 48;
	objects = {

/* Begin PBXBuildFile section */
		06A1FB6431230E34B134069E /* libPods-Coin.a in Frameworks */ = {isa = PBXBuildFile; fileRef = 069160B7B0B5DDCD1B14B48A /* libPods-Coin.a */; };
		211A34D71FB3F51400FEB71F /* MineHeaderView.m in Sources */ = {isa = PBXBuildFile; fileRef = 211A34D61FB3F51400FEB71F /* MineHeaderView.m */; };
		211A34DB1FB4083300FEB71F /* MineTableView.m in Sources */ = {isa = PBXBuildFile; fileRef = 211A34DA1FB4083300FEB71F /* MineTableView.m */; };
		211A34DE1FB4245D00FEB71F /* MineCell.m in Sources */ = {isa = PBXBuildFile; fileRef = 211A34DD1FB4245D00FEB71F /* MineCell.m */; };
		211A34E11FB4247800FEB71F /* MineModel.m in Sources */ = {isa = PBXBuildFile; fileRef = 211A34E01FB4247800FEB71F /* MineModel.m */; };
		211A34E41FB4255700FEB71F /* MineGroup.m in Sources */ = {isa = PBXBuildFile; fileRef = 211A34E31FB4255700FEB71F /* MineGroup.m */; };
		211A34EB1FB42F8100FEB71F /* SettingVC.m in Sources */ = {isa = PBXBuildFile; fileRef = 211A34EA1FB42F8100FEB71F /* SettingVC.m */; };
		211A34F01FB430DB00FEB71F /* SettingGroup.m in Sources */ = {isa = PBXBuildFile; fileRef = 211A34EC1FB430DA00FEB71F /* SettingGroup.m */; };
		211A34F11FB430DB00FEB71F /* SettingModel.m in Sources */ = {isa = PBXBuildFile; fileRef = 211A34EE1FB430DB00FEB71F /* SettingModel.m */; };
		211A34F41FB430F900FEB71F /* SettingCell.m in Sources */ = {isa = PBXBuildFile; fileRef = 211A34F31FB430F900FEB71F /* SettingCell.m */; };
		211A34F71FB4328800FEB71F /* SettingTableView.m in Sources */ = {isa = PBXBuildFile; fileRef = 211A34F61FB4328800FEB71F /* SettingTableView.m */; };
		211A34FD1FB4507E00FEB71F /* IdAuthVC.m in Sources */ = {isa = PBXBuildFile; fileRef = 211A34FC1FB4507E00FEB71F /* IdAuthVC.m */; };
		211A35041FB45A6A00FEB71F /* WalletHeaderView.m in Sources */ = {isa = PBXBuildFile; fileRef = 211A35031FB45A6A00FEB71F /* WalletHeaderView.m */; };
		211A356D1FB461A400FEB71F /* TLDatePicker.m in Sources */ = {isa = PBXBuildFile; fileRef = 211A35091FB461A400FEB71F /* TLDatePicker.m */; };
		211A356E1FB461A400FEB71F /* TLTimeButton.m in Sources */ = {isa = PBXBuildFile; fileRef = 211A350A1FB461A400FEB71F /* TLTimeButton.m */; };
		211A356F1FB461A400FEB71F /* TLCaptchaView.m in Sources */ = {isa = PBXBuildFile; fileRef = 211A350B1FB461A400FEB71F /* TLCaptchaView.m */; };
		211A35701FB461A400FEB71F /* TLPickerTextField.m in Sources */ = {isa = PBXBuildFile; fileRef = 211A350C1FB461A400FEB71F /* TLPickerTextField.m */; };
		211A35711FB461A400FEB71F /* TLProgressHUD.m in Sources */ = {isa = PBXBuildFile; fileRef = 211A350D1FB461A400FEB71F /* TLProgressHUD.m */; };
		211A35721FB461A400FEB71F /* TLTextView.m in Sources */ = {isa = PBXBuildFile; fileRef = 211A350E1FB461A400FEB71F /* TLTextView.m */; };
		211A35731FB461A400FEB71F /* BannerCell.m in Sources */ = {isa = PBXBuildFile; fileRef = 211A35111FB461A400FEB71F /* BannerCell.m */; };
		211A35741FB461A400FEB71F /* TLTextField.m in Sources */ = {isa = PBXBuildFile; fileRef = 211A35121FB461A400FEB71F /* TLTextField.m */; };
		211A35751FB461A400FEB71F /* TLPlaceholderView.m in Sources */ = {isa = PBXBuildFile; fileRef = 211A35131FB461A400FEB71F /* TLPlaceholderView.m */; };
		211A35761FB461A400FEB71F /* TLImagePicker.m in Sources */ = {isa = PBXBuildFile; fileRef = 211A35191FB461A400FEB71F /* TLImagePicker.m */; };
		211A35771FB461A400FEB71F /* TLTableView.m in Sources */ = {isa = PBXBuildFile; fileRef = 211A351A1FB461A400FEB71F /* TLTableView.m */; };
		211A35781FB461A400FEB71F /* TLAlert.m in Sources */ = {isa = PBXBuildFile; fileRef = 211A351C1FB461A400FEB71F /* TLAlert.m */; };
		211A35791FB461A400FEB71F /* UILabel+Extension.m in Sources */ = {isa = PBXBuildFile; fileRef = 211A35241FB461A400FEB71F /* UILabel+Extension.m */; };
		211A357A1FB461A400FEB71F /* UILable+convience.m in Sources */ = {isa = PBXBuildFile; fileRef = 211A35261FB461A400FEB71F /* UILable+convience.m */; };
		211A357B1FB461A400FEB71F /* UIButton+EnLargeEdge.m in Sources */ = {isa = PBXBuildFile; fileRef = 211A352A1FB461A400FEB71F /* UIButton+EnLargeEdge.m */; };
		211A357C1FB461A400FEB71F /* UIButton+Custom.m in Sources */ = {isa = PBXBuildFile; fileRef = 211A352B1FB461A400FEB71F /* UIButton+Custom.m */; };
		211A357D1FB461A400FEB71F /* UIColor+theme.m in Sources */ = {isa = PBXBuildFile; fileRef = 211A352E1FB461A400FEB71F /* UIColor+theme.m */; };
		211A357E1FB461A400FEB71F /* UIColor+Extension.m in Sources */ = {isa = PBXBuildFile; fileRef = 211A352F1FB461A400FEB71F /* UIColor+Extension.m */; };
		211A357F1FB461A400FEB71F /* UIView+Responder.m in Sources */ = {isa = PBXBuildFile; fileRef = 211A35341FB461A400FEB71F /* UIView+Responder.m */; };
		211A35801FB461A400FEB71F /* UIView+Extension.m in Sources */ = {isa = PBXBuildFile; fileRef = 211A35351FB461A400FEB71F /* UIView+Extension.m */; };
		211A35811FB461A400FEB71F /* UIBarButtonItem+convience.m in Sources */ = {isa = PBXBuildFile; fileRef = 211A35381FB461A400FEB71F /* UIBarButtonItem+convience.m */; };
		211A35821FB461A400FEB71F /* UIControl+Block.m in Sources */ = {isa = PBXBuildFile; fileRef = 211A353A1FB461A400FEB71F /* UIControl+Block.m */; };
		211A35831FB461A400FEB71F /* NSDictionary+Extension.m in Sources */ = {isa = PBXBuildFile; fileRef = 211A353F1FB461A400FEB71F /* NSDictionary+Extension.m */; };
		211A35841FB461A400FEB71F /* NSString+Check.m in Sources */ = {isa = PBXBuildFile; fileRef = 211A35411FB461A400FEB71F /* NSString+Check.m */; };
		211A35851FB461A400FEB71F /* NSString+CGSize.m in Sources */ = {isa = PBXBuildFile; fileRef = 211A35441FB461A400FEB71F /* NSString+CGSize.m */; };
		211A35861FB461A400FEB71F /* NSString+Extension.m in Sources */ = {isa = PBXBuildFile; fileRef = 211A35461FB461A400FEB71F /* NSString+Extension.m */; };
		211A35871FB461A400FEB71F /* NSString+Date.m in Sources */ = {isa = PBXBuildFile; fileRef = 211A35471FB461A400FEB71F /* NSString+Date.m */; };
		211A35881FB461A400FEB71F /* Foundation+Log.m in Sources */ = {isa = PBXBuildFile; fileRef = 211A35491FB461A400FEB71F /* Foundation+Log.m */; };
		211A35891FB461A400FEB71F /* NSNumber+Extension.m in Sources */ = {isa = PBXBuildFile; fileRef = 211A354B1FB461A400FEB71F /* NSNumber+Extension.m */; };
		211A358A1FB461A400FEB71F /* NSTimer+tlNoCycle.m in Sources */ = {isa = PBXBuildFile; fileRef = 211A35501FB461A400FEB71F /* NSTimer+tlNoCycle.m */; };
		211A358B1FB461A400FEB71F /* NSObject+Extension.m in Sources */ = {isa = PBXBuildFile; fileRef = 211A35531FB461A400FEB71F /* NSObject+Extension.m */; };
		211A358C1FB461A400FEB71F /* TLNetworking.m in Sources */ = {isa = PBXBuildFile; fileRef = 211A35551FB461A400FEB71F /* TLNetworking.m */; };
		211A358D1FB461A400FEB71F /* TLPageDataHelper.m in Sources */ = {isa = PBXBuildFile; fileRef = 211A35591FB461A400FEB71F /* TLPageDataHelper.m */; };
		211A358E1FB461A400FEB71F /* TLUploadManager.m in Sources */ = {isa = PBXBuildFile; fileRef = 211A355A1FB461A400FEB71F /* TLUploadManager.m */; };
		211A358F1FB461A400FEB71F /* AppConfig.m in Sources */ = {isa = PBXBuildFile; fileRef = 211A355C1FB461A400FEB71F /* AppConfig.m */; };
		211A35901FB461A400FEB71F /* HttpRequestTool.m in Sources */ = {isa = PBXBuildFile; fileRef = 211A35651FB461A400FEB71F /* HttpRequestTool.m */; };
		211A35911FB461A400FEB71F /* HttpSign.m in Sources */ = {isa = PBXBuildFile; fileRef = 211A35681FB461A400FEB71F /* HttpSign.m */; };
		211A35921FB461A400FEB71F /* HttpRequestService.m in Sources */ = {isa = PBXBuildFile; fileRef = 211A35691FB461A400FEB71F /* HttpRequestService.m */; };
		211A35931FB461A400FEB71F /* HttpLogger.m in Sources */ = {isa = PBXBuildFile; fileRef = 211A356B1FB461A400FEB71F /* HttpLogger.m */; };
		211A35941FB461A400FEB71F /* HttpRequestObject.m in Sources */ = {isa = PBXBuildFile; fileRef = 211A356C1FB461A400FEB71F /* HttpRequestObject.m */; };
		21A7F3121FB2E2F900FAA0A2 /* BindMobileVC.m in Sources */ = {isa = PBXBuildFile; fileRef = 21A7F2E41FB2E2F900FAA0A2 /* BindMobileVC.m */; };
		21A7F3131FB2E2F900FAA0A2 /* TLAccountSetBaseVC.m in Sources */ = {isa = PBXBuildFile; fileRef = 21A7F2E51FB2E2F900FAA0A2 /* TLAccountSetBaseVC.m */; };
		21A7F3141FB2E2F900FAA0A2 /* TLPwdRelatedVC.m in Sources */ = {isa = PBXBuildFile; fileRef = 21A7F2E61FB2E2F900FAA0A2 /* TLPwdRelatedVC.m */; };
		21A7F3151FB2E2F900FAA0A2 /* TLChangeMobileVC.m in Sources */ = {isa = PBXBuildFile; fileRef = 21A7F2E81FB2E2F900FAA0A2 /* TLChangeMobileVC.m */; };
		21A7F3161FB2E2F900FAA0A2 /* TLUserLoginVC.m in Sources */ = {isa = PBXBuildFile; fileRef = 21A7F2EE1FB2E2F900FAA0A2 /* TLUserLoginVC.m */; };
		21A7F3171FB2E2F900FAA0A2 /* TLUserForgetPwdVC.m in Sources */ = {isa = PBXBuildFile; fileRef = 21A7F2F11FB2E2F900FAA0A2 /* TLUserForgetPwdVC.m */; };
		21A7F3181FB2E2F900FAA0A2 /* TLUserRegisterVC.m in Sources */ = {isa = PBXBuildFile; fileRef = 21A7F2F21FB2E2F900FAA0A2 /* TLUserRegisterVC.m */; };
		21A7F3191FB2E2F900FAA0A2 /* TLAccountBaseVC.m in Sources */ = {isa = PBXBuildFile; fileRef = 21A7F2F51FB2E2F900FAA0A2 /* TLAccountBaseVC.m */; };
		21A7F31C1FB2E2F900FAA0A2 /* TLUserExt.m in Sources */ = {isa = PBXBuildFile; fileRef = 21A7F2F91FB2E2F900FAA0A2 /* TLUserExt.m */; };
		21A7F31E1FB2E2F900FAA0A2 /* TLUser.m in Sources */ = {isa = PBXBuildFile; fileRef = 21A7F2FD1FB2E2F900FAA0A2 /* TLUser.m */; };
		21A7F3201FB2E2F900FAA0A2 /* UserDefaultsUtil.m in Sources */ = {isa = PBXBuildFile; fileRef = 21A7F3041FB2E2F900FAA0A2 /* UserDefaultsUtil.m */; };
		21A7F3211FB2E2F900FAA0A2 /* AccountTf.m in Sources */ = {isa = PBXBuildFile; fileRef = 21A7F3081FB2E2F900FAA0A2 /* AccountTf.m */; };
		21A7F3241FB2E2F900FAA0A2 /* CaptchaView.m in Sources */ = {isa = PBXBuildFile; fileRef = 21A7F30C1FB2E2F900FAA0A2 /* CaptchaView.m */; };
		21A7F35E1FB2EBAA00FAA0A2 /* CurrencyModel.m in Sources */ = {isa = PBXBuildFile; fileRef = 21A7F35C1FB2EBA900FAA0A2 /* CurrencyModel.m */; };
		21A7F3631FB2F16C00FAA0A2 /* HTMLStrVC.m in Sources */ = {isa = PBXBuildFile; fileRef = 21A7F3621FB2F16B00FAA0A2 /* HTMLStrVC.m */; };
		2E394FED1FB0575A00BA0829 /* AppDelegate.m in Sources */ = {isa = PBXBuildFile; fileRef = 2E394FEB1FB0575A00BA0829 /* AppDelegate.m */; };
		2E394FF41FB057B300BA0829 /* TLTabBarController.m in Sources */ = {isa = PBXBuildFile; fileRef = 2E394FEF1FB057B200BA0829 /* TLTabBarController.m */; };
		2E394FF51FB057B300BA0829 /* TLNavigationController.m in Sources */ = {isa = PBXBuildFile; fileRef = 2E394FF01FB057B200BA0829 /* TLNavigationController.m */; };
		2E394FFC1FB059C100BA0829 /* TLBaseModel.m in Sources */ = {isa = PBXBuildFile; fileRef = 2E394FF91FB059C100BA0829 /* TLBaseModel.m */; };
		2E394FFD1FB059C100BA0829 /* TLBaseVC.m in Sources */ = {isa = PBXBuildFile; fileRef = 2E394FFA1FB059C100BA0829 /* TLBaseVC.m */; };
		2E3950001FB05ADB00BA0829 /* TLTransactionVC.m in Sources */ = {isa = PBXBuildFile; fileRef = 2E394FFF1FB05ADB00BA0829 /* TLTransactionVC.m */; };
		2E3950031FB05AF200BA0829 /* TLOrderVC.m in Sources */ = {isa = PBXBuildFile; fileRef = 2E3950021FB05AF200BA0829 /* TLOrderVC.m */; };
		2EA584C11FA813C900C7106C /* Assets.xcassets in Resources */ = {isa = PBXBuildFile; fileRef = 2EA584C01FA813C900C7106C /* Assets.xcassets */; };
		2EA584C41FA813C900C7106C /* LaunchScreen.storyboard in Resources */ = {isa = PBXBuildFile; fileRef = 2EA584C21FA813C900C7106C /* LaunchScreen.storyboard */; };
		2EA584C71FA813C900C7106C /* main.m in Sources */ = {isa = PBXBuildFile; fileRef = 2EA584C61FA813C900C7106C /* main.m */; };
		2EE950C01FB05B2400429257 /* TLHangQingVC.m in Sources */ = {isa = PBXBuildFile; fileRef = 2EE950BF1FB05B2400429257 /* TLHangQingVC.m */; };
		2EE950C31FB05B4500429257 /* TLWalletVC.m in Sources */ = {isa = PBXBuildFile; fileRef = 2EE950C21FB05B4500429257 /* TLWalletVC.m */; };
		2EE950C61FB05B5900429257 /* TLMineVC.m in Sources */ = {isa = PBXBuildFile; fileRef = 2EE950C51FB05B5900429257 /* TLMineVC.m */; };
		2EE950D21FB066EB00429257 /* CoinChangeView.m in Sources */ = {isa = PBXBuildFile; fileRef = 2EE950D11FB066EB00429257 /* CoinChangeView.m */; };
		2EE950D91FB06AA900429257 /* TLBannerView.m in Sources */ = {isa = PBXBuildFile; fileRef = 2EE950D51FB06AA900429257 /* TLBannerView.m */; };
		2EE950DA1FB06AA900429257 /* TLBannerCell.m in Sources */ = {isa = PBXBuildFile; fileRef = 2EE950D61FB06AA900429257 /* TLBannerCell.m */; };
/* End PBXBuildFile section */

/* Begin PBXFileReference section */
		069160B7B0B5DDCD1B14B48A /* libPods-Coin.a */ = {isa = PBXFileReference; explicitFileType = archive.ar; includeInIndex = 0; path = "libPods-Coin.a"; sourceTree = BUILT_PRODUCTS_DIR; };
		211A34D51FB3F51400FEB71F /* MineHeaderView.h */ = {isa = PBXFileReference; lastKnownFileType = sourcecode.c.h; path = MineHeaderView.h; sourceTree = "<group>"; };
		211A34D61FB3F51400FEB71F /* MineHeaderView.m */ = {isa = PBXFileReference; lastKnownFileType = sourcecode.c.objc; path = MineHeaderView.m; sourceTree = "<group>"; };
		211A34D91FB4083300FEB71F /* MineTableView.h */ = {isa = PBXFileReference; lastKnownFileType = sourcecode.c.h; path = MineTableView.h; sourceTree = "<group>"; };
		211A34DA1FB4083300FEB71F /* MineTableView.m */ = {isa = PBXFileReference; lastKnownFileType = sourcecode.c.objc; path = MineTableView.m; sourceTree = "<group>"; };
		211A34DC1FB4245D00FEB71F /* MineCell.h */ = {isa = PBXFileReference; lastKnownFileType = sourcecode.c.h; path = MineCell.h; sourceTree = "<group>"; };
		211A34DD1FB4245D00FEB71F /* MineCell.m */ = {isa = PBXFileReference; lastKnownFileType = sourcecode.c.objc; path = MineCell.m; sourceTree = "<group>"; };
		211A34DF1FB4247800FEB71F /* MineModel.h */ = {isa = PBXFileReference; lastKnownFileType = sourcecode.c.h; path = MineModel.h; sourceTree = "<group>"; };
		211A34E01FB4247800FEB71F /* MineModel.m */ = {isa = PBXFileReference; lastKnownFileType = sourcecode.c.objc; path = MineModel.m; sourceTree = "<group>"; };
		211A34E21FB4255700FEB71F /* MineGroup.h */ = {isa = PBXFileReference; lastKnownFileType = sourcecode.c.h; path = MineGroup.h; sourceTree = "<group>"; };
		211A34E31FB4255700FEB71F /* MineGroup.m */ = {isa = PBXFileReference; lastKnownFileType = sourcecode.c.objc; path = MineGroup.m; sourceTree = "<group>"; };
		211A34E91FB42F8100FEB71F /* SettingVC.h */ = {isa = PBXFileReference; lastKnownFileType = sourcecode.c.h; path = SettingVC.h; sourceTree = "<group>"; };
		211A34EA1FB42F8100FEB71F /* SettingVC.m */ = {isa = PBXFileReference; lastKnownFileType = sourcecode.c.objc; path = SettingVC.m; sourceTree = "<group>"; };
		211A34EC1FB430DA00FEB71F /* SettingGroup.m */ = {isa = PBXFileReference; fileEncoding = 4; lastKnownFileType = sourcecode.c.objc; path = SettingGroup.m; sourceTree = "<group>"; };
		211A34ED1FB430DA00FEB71F /* SettingGroup.h */ = {isa = PBXFileReference; fileEncoding = 4; lastKnownFileType = sourcecode.c.h; path = SettingGroup.h; sourceTree = "<group>"; };
		211A34EE1FB430DB00FEB71F /* SettingModel.m */ = {isa = PBXFileReference; fileEncoding = 4; lastKnownFileType = sourcecode.c.objc; path = SettingModel.m; sourceTree = "<group>"; };
		211A34EF1FB430DB00FEB71F /* SettingModel.h */ = {isa = PBXFileReference; fileEncoding = 4; lastKnownFileType = sourcecode.c.h; path = SettingModel.h; sourceTree = "<group>"; };
		211A34F21FB430F900FEB71F /* SettingCell.h */ = {isa = PBXFileReference; fileEncoding = 4; lastKnownFileType = sourcecode.c.h; path = SettingCell.h; sourceTree = "<group>"; };
		211A34F31FB430F900FEB71F /* SettingCell.m */ = {isa = PBXFileReference; fileEncoding = 4; lastKnownFileType = sourcecode.c.objc; path = SettingCell.m; sourceTree = "<group>"; };
		211A34F51FB4328800FEB71F /* SettingTableView.h */ = {isa = PBXFileReference; lastKnownFileType = sourcecode.c.h; path = SettingTableView.h; sourceTree = "<group>"; };
		211A34F61FB4328800FEB71F /* SettingTableView.m */ = {isa = PBXFileReference; lastKnownFileType = sourcecode.c.objc; path = SettingTableView.m; sourceTree = "<group>"; };
		211A34FB1FB4507E00FEB71F /* IdAuthVC.h */ = {isa = PBXFileReference; lastKnownFileType = sourcecode.c.h; path = IdAuthVC.h; sourceTree = "<group>"; };
		211A34FC1FB4507E00FEB71F /* IdAuthVC.m */ = {isa = PBXFileReference; lastKnownFileType = sourcecode.c.objc; path = IdAuthVC.m; sourceTree = "<group>"; };
		211A35021FB45A6A00FEB71F /* WalletHeaderView.h */ = {isa = PBXFileReference; lastKnownFileType = sourcecode.c.h; path = WalletHeaderView.h; sourceTree = "<group>"; };
		211A35031FB45A6A00FEB71F /* WalletHeaderView.m */ = {isa = PBXFileReference; lastKnownFileType = sourcecode.c.objc; path = WalletHeaderView.m; sourceTree = "<group>"; };
		211A35081FB461A400FEB71F /* TLImagePicker.h */ = {isa = PBXFileReference; fileEncoding = 4; lastKnownFileType = sourcecode.c.h; path = TLImagePicker.h; sourceTree = "<group>"; };
		211A35091FB461A400FEB71F /* TLDatePicker.m */ = {isa = PBXFileReference; fileEncoding = 4; lastKnownFileType = sourcecode.c.objc; path = TLDatePicker.m; sourceTree = "<group>"; };
		211A350A1FB461A400FEB71F /* TLTimeButton.m */ = {isa = PBXFileReference; fileEncoding = 4; lastKnownFileType = sourcecode.c.objc; path = TLTimeButton.m; sourceTree = "<group>"; };
		211A350B1FB461A400FEB71F /* TLCaptchaView.m */ = {isa = PBXFileReference; fileEncoding = 4; lastKnownFileType = sourcecode.c.objc; path = TLCaptchaView.m; sourceTree = "<group>"; };
		211A350C1FB461A400FEB71F /* TLPickerTextField.m */ = {isa = PBXFileReference; fileEncoding = 4; lastKnownFileType = sourcecode.c.objc; path = TLPickerTextField.m; sourceTree = "<group>"; };
		211A350D1FB461A400FEB71F /* TLProgressHUD.m */ = {isa = PBXFileReference; fileEncoding = 4; lastKnownFileType = sourcecode.c.objc; path = TLProgressHUD.m; sourceTree = "<group>"; };
		211A350E1FB461A400FEB71F /* TLTextView.m */ = {isa = PBXFileReference; fileEncoding = 4; lastKnownFileType = sourcecode.c.objc; path = TLTextView.m; sourceTree = "<group>"; };
		211A350F1FB461A400FEB71F /* TLTableView.h */ = {isa = PBXFileReference; fileEncoding = 4; lastKnownFileType = sourcecode.c.h; path = TLTableView.h; sourceTree = "<group>"; };
		211A35101FB461A400FEB71F /* TLAlert.h */ = {isa = PBXFileReference; fileEncoding = 4; lastKnownFileType = sourcecode.c.h; path = TLAlert.h; sourceTree = "<group>"; };
		211A35111FB461A400FEB71F /* BannerCell.m */ = {isa = PBXFileReference; fileEncoding = 4; lastKnownFileType = sourcecode.c.objc; path = BannerCell.m; sourceTree = "<group>"; };
		211A35121FB461A400FEB71F /* TLTextField.m */ = {isa = PBXFileReference; fileEncoding = 4; lastKnownFileType = sourcecode.c.objc; path = TLTextField.m; sourceTree = "<group>"; };
		211A35131FB461A400FEB71F /* TLPlaceholderView.m */ = {isa = PBXFileReference; fileEncoding = 4; lastKnownFileType = sourcecode.c.objc; path = TLPlaceholderView.m; sourceTree = "<group>"; };
		211A35141FB461A400FEB71F /* TLPickerTextField.h */ = {isa = PBXFileReference; fileEncoding = 4; lastKnownFileType = sourcecode.c.h; path = TLPickerTextField.h; sourceTree = "<group>"; };
		211A35151FB461A400FEB71F /* TLProgressHUD.h */ = {isa = PBXFileReference; fileEncoding = 4; lastKnownFileType = sourcecode.c.h; path = TLProgressHUD.h; sourceTree = "<group>"; };
		211A35161FB461A400FEB71F /* TLTimeButton.h */ = {isa = PBXFileReference; fileEncoding = 4; lastKnownFileType = sourcecode.c.h; path = TLTimeButton.h; sourceTree = "<group>"; };
		211A35171FB461A400FEB71F /* TLDatePicker.h */ = {isa = PBXFileReference; fileEncoding = 4; lastKnownFileType = sourcecode.c.h; path = TLDatePicker.h; sourceTree = "<group>"; };
		211A35181FB461A400FEB71F /* TLCaptchaView.h */ = {isa = PBXFileReference; fileEncoding = 4; lastKnownFileType = sourcecode.c.h; path = TLCaptchaView.h; sourceTree = "<group>"; };
		211A35191FB461A400FEB71F /* TLImagePicker.m */ = {isa = PBXFileReference; fileEncoding = 4; lastKnownFileType = sourcecode.c.objc; path = TLImagePicker.m; sourceTree = "<group>"; };
		211A351A1FB461A400FEB71F /* TLTableView.m */ = {isa = PBXFileReference; fileEncoding = 4; lastKnownFileType = sourcecode.c.objc; path = TLTableView.m; sourceTree = "<group>"; };
		211A351B1FB461A400FEB71F /* TLTextView.h */ = {isa = PBXFileReference; fileEncoding = 4; lastKnownFileType = sourcecode.c.h; path = TLTextView.h; sourceTree = "<group>"; };
		211A351C1FB461A400FEB71F /* TLAlert.m */ = {isa = PBXFileReference; fileEncoding = 4; lastKnownFileType = sourcecode.c.objc; path = TLAlert.m; sourceTree = "<group>"; };
		211A351D1FB461A400FEB71F /* TLPlaceholderView.h */ = {isa = PBXFileReference; fileEncoding = 4; lastKnownFileType = sourcecode.c.h; path = TLPlaceholderView.h; sourceTree = "<group>"; };
		211A351E1FB461A400FEB71F /* TLTextField.h */ = {isa = PBXFileReference; fileEncoding = 4; lastKnownFileType = sourcecode.c.h; path = TLTextField.h; sourceTree = "<group>"; };
		211A351F1FB461A400FEB71F /* BannerCell.h */ = {isa = PBXFileReference; fileEncoding = 4; lastKnownFileType = sourcecode.c.h; path = BannerCell.h; sourceTree = "<group>"; };
		211A35231FB461A400FEB71F /* UILable+convience.h */ = {isa = PBXFileReference; fileEncoding = 4; lastKnownFileType = sourcecode.c.h; path = "UILable+convience.h"; sourceTree = "<group>"; };
		211A35241FB461A400FEB71F /* UILabel+Extension.m */ = {isa = PBXFileReference; fileEncoding = 4; lastKnownFileType = sourcecode.c.objc; path = "UILabel+Extension.m"; sourceTree = "<group>"; };
		211A35251FB461A400FEB71F /* UILabel+Extension.h */ = {isa = PBXFileReference; fileEncoding = 4; lastKnownFileType = sourcecode.c.h; path = "UILabel+Extension.h"; sourceTree = "<group>"; };
		211A35261FB461A400FEB71F /* UILable+convience.m */ = {isa = PBXFileReference; fileEncoding = 4; lastKnownFileType = sourcecode.c.objc; path = "UILable+convience.m"; sourceTree = "<group>"; };
		211A35281FB461A400FEB71F /* UIButton+Custom.h */ = {isa = PBXFileReference; fileEncoding = 4; lastKnownFileType = sourcecode.c.h; path = "UIButton+Custom.h"; sourceTree = "<group>"; };
		211A35291FB461A400FEB71F /* UIButton+EnLargeEdge.h */ = {isa = PBXFileReference; fileEncoding = 4; lastKnownFileType = sourcecode.c.h; path = "UIButton+EnLargeEdge.h"; sourceTree = "<group>"; };
		211A352A1FB461A400FEB71F /* UIButton+EnLargeEdge.m */ = {isa = PBXFileReference; fileEncoding = 4; lastKnownFileType = sourcecode.c.objc; path = "UIButton+EnLargeEdge.m"; sourceTree = "<group>"; };
		211A352B1FB461A400FEB71F /* UIButton+Custom.m */ = {isa = PBXFileReference; fileEncoding = 4; lastKnownFileType = sourcecode.c.objc; path = "UIButton+Custom.m"; sourceTree = "<group>"; };
		211A352D1FB461A400FEB71F /* UIColor+Extension.h */ = {isa = PBXFileReference; fileEncoding = 4; lastKnownFileType = sourcecode.c.h; path = "UIColor+Extension.h"; sourceTree = "<group>"; };
		211A352E1FB461A400FEB71F /* UIColor+theme.m */ = {isa = PBXFileReference; fileEncoding = 4; lastKnownFileType = sourcecode.c.objc; path = "UIColor+theme.m"; sourceTree = "<group>"; };
		211A352F1FB461A400FEB71F /* UIColor+Extension.m */ = {isa = PBXFileReference; fileEncoding = 4; lastKnownFileType = sourcecode.c.objc; path = "UIColor+Extension.m"; sourceTree = "<group>"; };
		211A35301FB461A400FEB71F /* UIColor+theme.h */ = {isa = PBXFileReference; fileEncoding = 4; lastKnownFileType = sourcecode.c.h; path = "UIColor+theme.h"; sourceTree = "<group>"; };
		211A35321FB461A400FEB71F /* UIView+Responder.h */ = {isa = PBXFileReference; fileEncoding = 4; lastKnownFileType = sourcecode.c.h; path = "UIView+Responder.h"; sourceTree = "<group>"; };
		211A35331FB461A400FEB71F /* UIView+Extension.h */ = {isa = PBXFileReference; fileEncoding = 4; lastKnownFileType = sourcecode.c.h; path = "UIView+Extension.h"; sourceTree = "<group>"; };
		211A35341FB461A400FEB71F /* UIView+Responder.m */ = {isa = PBXFileReference; fileEncoding = 4; lastKnownFileType = sourcecode.c.objc; path = "UIView+Responder.m"; sourceTree = "<group>"; };
		211A35351FB461A400FEB71F /* UIView+Extension.m */ = {isa = PBXFileReference; fileEncoding = 4; lastKnownFileType = sourcecode.c.objc; path = "UIView+Extension.m"; sourceTree = "<group>"; };
		211A35371FB461A400FEB71F /* UIBarButtonItem+convience.h */ = {isa = PBXFileReference; fileEncoding = 4; lastKnownFileType = sourcecode.c.h; path = "UIBarButtonItem+convience.h"; sourceTree = "<group>"; };
		211A35381FB461A400FEB71F /* UIBarButtonItem+convience.m */ = {isa = PBXFileReference; fileEncoding = 4; lastKnownFileType = sourcecode.c.objc; path = "UIBarButtonItem+convience.m"; sourceTree = "<group>"; };
		211A353A1FB461A400FEB71F /* UIControl+Block.m */ = {isa = PBXFileReference; fileEncoding = 4; lastKnownFileType = sourcecode.c.objc; path = "UIControl+Block.m"; sourceTree = "<group>"; };
		211A353B1FB461A400FEB71F /* UIControl+Block.h */ = {isa = PBXFileReference; fileEncoding = 4; lastKnownFileType = sourcecode.c.h; path = "UIControl+Block.h"; sourceTree = "<group>"; };
		211A353E1FB461A400FEB71F /* NSDictionary+Extension.h */ = {isa = PBXFileReference; fileEncoding = 4; lastKnownFileType = sourcecode.c.h; path = "NSDictionary+Extension.h"; sourceTree = "<group>"; };
		211A353F1FB461A400FEB71F /* NSDictionary+Extension.m */ = {isa = PBXFileReference; fileEncoding = 4; lastKnownFileType = sourcecode.c.objc; path = "NSDictionary+Extension.m"; sourceTree = "<group>"; };
		211A35411FB461A400FEB71F /* NSString+Check.m */ = {isa = PBXFileReference; fileEncoding = 4; lastKnownFileType = sourcecode.c.objc; path = "NSString+Check.m"; sourceTree = "<group>"; };
		211A35421FB461A400FEB71F /* NSString+Date.h */ = {isa = PBXFileReference; fileEncoding = 4; lastKnownFileType = sourcecode.c.h; path = "NSString+Date.h"; sourceTree = "<group>"; };
		211A35431FB461A400FEB71F /* NSString+Extension.h */ = {isa = PBXFileReference; fileEncoding = 4; lastKnownFileType = sourcecode.c.h; path = "NSString+Extension.h"; sourceTree = "<group>"; };
		211A35441FB461A400FEB71F /* NSString+CGSize.m */ = {isa = PBXFileReference; fileEncoding = 4; lastKnownFileType = sourcecode.c.objc; path = "NSString+CGSize.m"; sourceTree = "<group>"; };
		211A35451FB461A400FEB71F /* NSString+Check.h */ = {isa = PBXFileReference; fileEncoding = 4; lastKnownFileType = sourcecode.c.h; path = "NSString+Check.h"; sourceTree = "<group>"; };
		211A35461FB461A400FEB71F /* NSString+Extension.m */ = {isa = PBXFileReference; fileEncoding = 4; lastKnownFileType = sourcecode.c.objc; path = "NSString+Extension.m"; sourceTree = "<group>"; };
		211A35471FB461A400FEB71F /* NSString+Date.m */ = {isa = PBXFileReference; fileEncoding = 4; lastKnownFileType = sourcecode.c.objc; path = "NSString+Date.m"; sourceTree = "<group>"; };
		211A35481FB461A400FEB71F /* NSString+CGSize.h */ = {isa = PBXFileReference; fileEncoding = 4; lastKnownFileType = sourcecode.c.h; path = "NSString+CGSize.h"; sourceTree = "<group>"; };
		211A35491FB461A400FEB71F /* Foundation+Log.m */ = {isa = PBXFileReference; fileEncoding = 4; lastKnownFileType = sourcecode.c.objc; path = "Foundation+Log.m"; sourceTree = "<group>"; };
		211A354B1FB461A400FEB71F /* NSNumber+Extension.m */ = {isa = PBXFileReference; fileEncoding = 4; lastKnownFileType = sourcecode.c.objc; path = "NSNumber+Extension.m"; sourceTree = "<group>"; };
		211A354D1FB461A400FEB71F /* NSNumber+Extension.h */ = {isa = PBXFileReference; fileEncoding = 4; lastKnownFileType = sourcecode.c.h; path = "NSNumber+Extension.h"; sourceTree = "<group>"; };
		211A354F1FB461A400FEB71F /* NSTimer+tlNoCycle.h */ = {isa = PBXFileReference; fileEncoding = 4; lastKnownFileType = sourcecode.c.h; path = "NSTimer+tlNoCycle.h"; sourceTree = "<group>"; };
		211A35501FB461A400FEB71F /* NSTimer+tlNoCycle.m */ = {isa = PBXFileReference; fileEncoding = 4; lastKnownFileType = sourcecode.c.objc; path = "NSTimer+tlNoCycle.m"; sourceTree = "<group>"; };
		211A35521FB461A400FEB71F /* NSObject+Extension.h */ = {isa = PBXFileReference; fileEncoding = 4; lastKnownFileType = sourcecode.c.h; path = "NSObject+Extension.h"; sourceTree = "<group>"; };
		211A35531FB461A400FEB71F /* NSObject+Extension.m */ = {isa = PBXFileReference; fileEncoding = 4; lastKnownFileType = sourcecode.c.objc; path = "NSObject+Extension.m"; sourceTree = "<group>"; };
		211A35551FB461A400FEB71F /* TLNetworking.m */ = {isa = PBXFileReference; fileEncoding = 4; lastKnownFileType = sourcecode.c.objc; path = TLNetworking.m; sourceTree = "<group>"; };
		211A35561FB461A400FEB71F /* TLPageDataHelper.h */ = {isa = PBXFileReference; fileEncoding = 4; lastKnownFileType = sourcecode.c.h; path = TLPageDataHelper.h; sourceTree = "<group>"; };
		211A35571FB461A400FEB71F /* TLUploadManager.h */ = {isa = PBXFileReference; fileEncoding = 4; lastKnownFileType = sourcecode.c.h; path = TLUploadManager.h; sourceTree = "<group>"; };
		211A35581FB461A400FEB71F /* TLNetworking.h */ = {isa = PBXFileReference; fileEncoding = 4; lastKnownFileType = sourcecode.c.h; path = TLNetworking.h; sourceTree = "<group>"; };
		211A35591FB461A400FEB71F /* TLPageDataHelper.m */ = {isa = PBXFileReference; fileEncoding = 4; lastKnownFileType = sourcecode.c.objc; path = TLPageDataHelper.m; sourceTree = "<group>"; };
		211A355A1FB461A400FEB71F /* TLUploadManager.m */ = {isa = PBXFileReference; fileEncoding = 4; lastKnownFileType = sourcecode.c.objc; path = TLUploadManager.m; sourceTree = "<group>"; };
		211A355C1FB461A400FEB71F /* AppConfig.m */ = {isa = PBXFileReference; fileEncoding = 4; lastKnownFileType = sourcecode.c.objc; path = AppConfig.m; sourceTree = "<group>"; };
		211A355D1FB461A400FEB71F /* AppConfig.h */ = {isa = PBXFileReference; fileEncoding = 4; lastKnownFileType = sourcecode.c.h; path = AppConfig.h; sourceTree = "<group>"; };
		211A355F1FB461A400FEB71F /* AppColorMacro.h */ = {isa = PBXFileReference; fileEncoding = 4; lastKnownFileType = sourcecode.c.h; path = AppColorMacro.h; sourceTree = "<group>"; };
		211A35601FB461A400FEB71F /* AppMacro.h */ = {isa = PBXFileReference; fileEncoding = 4; lastKnownFileType = sourcecode.c.h; path = AppMacro.h; sourceTree = "<group>"; };
		211A35611FB461A400FEB71F /* APICodeMacro.h */ = {isa = PBXFileReference; fileEncoding = 4; lastKnownFileType = sourcecode.c.h; path = APICodeMacro.h; sourceTree = "<group>"; };
		211A35631FB461A400FEB71F /* HttpRequestService.h */ = {isa = PBXFileReference; fileEncoding = 4; lastKnownFileType = sourcecode.c.h; path = HttpRequestService.h; sourceTree = "<group>"; };
		211A35641FB461A400FEB71F /* HttpSign.h */ = {isa = PBXFileReference; fileEncoding = 4; lastKnownFileType = sourcecode.c.h; path = HttpSign.h; sourceTree = "<group>"; };
		211A35651FB461A400FEB71F /* HttpRequestTool.m */ = {isa = PBXFileReference; fileEncoding = 4; lastKnownFileType = sourcecode.c.objc; path = HttpRequestTool.m; sourceTree = "<group>"; };
		211A35661FB461A400FEB71F /* HttpRequestObject.h */ = {isa = PBXFileReference; fileEncoding = 4; lastKnownFileType = sourcecode.c.h; path = HttpRequestObject.h; sourceTree = "<group>"; };
		211A35671FB461A400FEB71F /* HttpLogger.h */ = {isa = PBXFileReference; fileEncoding = 4; lastKnownFileType = sourcecode.c.h; path = HttpLogger.h; sourceTree = "<group>"; };
		211A35681FB461A400FEB71F /* HttpSign.m */ = {isa = PBXFileReference; fileEncoding = 4; lastKnownFileType = sourcecode.c.objc; path = HttpSign.m; sourceTree = "<group>"; };
		211A35691FB461A400FEB71F /* HttpRequestService.m */ = {isa = PBXFileReference; fileEncoding = 4; lastKnownFileType = sourcecode.c.objc; path = HttpRequestService.m; sourceTree = "<group>"; };
		211A356A1FB461A400FEB71F /* HttpRequestTool.h */ = {isa = PBXFileReference; fileEncoding = 4; lastKnownFileType = sourcecode.c.h; path = HttpRequestTool.h; sourceTree = "<group>"; };
		211A356B1FB461A400FEB71F /* HttpLogger.m */ = {isa = PBXFileReference; fileEncoding = 4; lastKnownFileType = sourcecode.c.objc; path = HttpLogger.m; sourceTree = "<group>"; };
		211A356C1FB461A400FEB71F /* HttpRequestObject.m */ = {isa = PBXFileReference; fileEncoding = 4; lastKnownFileType = sourcecode.c.objc; path = HttpRequestObject.m; sourceTree = "<group>"; };
		21A7F2D21FB2D2D300FAA0A2 /* FoundationHeader.h */ = {isa = PBXFileReference; lastKnownFileType = sourcecode.c.h; path = FoundationHeader.h; sourceTree = "<group>"; };
		21A7F2D71FB2D62A00FAA0A2 /* CoinHeader.h */ = {isa = PBXFileReference; lastKnownFileType = sourcecode.c.h; path = CoinHeader.h; sourceTree = "<group>"; };
		21A7F2E31FB2E2F900FAA0A2 /* TLChangeMobileVC.h */ = {isa = PBXFileReference; fileEncoding = 4; lastKnownFileType = sourcecode.c.h; path = TLChangeMobileVC.h; sourceTree = "<group>"; };
		21A7F2E41FB2E2F900FAA0A2 /* BindMobileVC.m */ = {isa = PBXFileReference; fileEncoding = 4; lastKnownFileType = sourcecode.c.objc; path = BindMobileVC.m; sourceTree = "<group>"; };
		21A7F2E51FB2E2F900FAA0A2 /* TLAccountSetBaseVC.m */ = {isa = PBXFileReference; fileEncoding = 4; lastKnownFileType = sourcecode.c.objc; path = TLAccountSetBaseVC.m; sourceTree = "<group>"; };
		21A7F2E61FB2E2F900FAA0A2 /* TLPwdRelatedVC.m */ = {isa = PBXFileReference; fileEncoding = 4; lastKnownFileType = sourcecode.c.objc; path = TLPwdRelatedVC.m; sourceTree = "<group>"; };
		21A7F2E81FB2E2F900FAA0A2 /* TLChangeMobileVC.m */ = {isa = PBXFileReference; fileEncoding = 4; lastKnownFileType = sourcecode.c.objc; path = TLChangeMobileVC.m; sourceTree = "<group>"; };
		21A7F2E91FB2E2F900FAA0A2 /* BindMobileVC.h */ = {isa = PBXFileReference; fileEncoding = 4; lastKnownFileType = sourcecode.c.h; path = BindMobileVC.h; sourceTree = "<group>"; };
		21A7F2EA1FB2E2F900FAA0A2 /* TLPwdRelatedVC.h */ = {isa = PBXFileReference; fileEncoding = 4; lastKnownFileType = sourcecode.c.h; path = TLPwdRelatedVC.h; sourceTree = "<group>"; };
		21A7F2EB1FB2E2F900FAA0A2 /* TLAccountSetBaseVC.h */ = {isa = PBXFileReference; fileEncoding = 4; lastKnownFileType = sourcecode.c.h; path = TLAccountSetBaseVC.h; sourceTree = "<group>"; };
		21A7F2ED1FB2E2F900FAA0A2 /* TLUserForgetPwdVC.h */ = {isa = PBXFileReference; fileEncoding = 4; lastKnownFileType = sourcecode.c.h; path = TLUserForgetPwdVC.h; sourceTree = "<group>"; };
		21A7F2EE1FB2E2F900FAA0A2 /* TLUserLoginVC.m */ = {isa = PBXFileReference; fileEncoding = 4; lastKnownFileType = sourcecode.c.objc; path = TLUserLoginVC.m; sourceTree = "<group>"; };
		21A7F2EF1FB2E2F900FAA0A2 /* TLUserRegisterVC.h */ = {isa = PBXFileReference; fileEncoding = 4; lastKnownFileType = sourcecode.c.h; path = TLUserRegisterVC.h; sourceTree = "<group>"; };
		21A7F2F01FB2E2F900FAA0A2 /* TLUserLoginVC.h */ = {isa = PBXFileReference; fileEncoding = 4; lastKnownFileType = sourcecode.c.h; path = TLUserLoginVC.h; sourceTree = "<group>"; };
		21A7F2F11FB2E2F900FAA0A2 /* TLUserForgetPwdVC.m */ = {isa = PBXFileReference; fileEncoding = 4; lastKnownFileType = sourcecode.c.objc; path = TLUserForgetPwdVC.m; sourceTree = "<group>"; };
		21A7F2F21FB2E2F900FAA0A2 /* TLUserRegisterVC.m */ = {isa = PBXFileReference; fileEncoding = 4; lastKnownFileType = sourcecode.c.objc; path = TLUserRegisterVC.m; sourceTree = "<group>"; };
		21A7F2F41FB2E2F900FAA0A2 /* TLAccountBaseVC.h */ = {isa = PBXFileReference; fileEncoding = 4; lastKnownFileType = sourcecode.c.h; path = TLAccountBaseVC.h; sourceTree = "<group>"; };
		21A7F2F51FB2E2F900FAA0A2 /* TLAccountBaseVC.m */ = {isa = PBXFileReference; fileEncoding = 4; lastKnownFileType = sourcecode.c.objc; path = TLAccountBaseVC.m; sourceTree = "<group>"; };
		21A7F2F91FB2E2F900FAA0A2 /* TLUserExt.m */ = {isa = PBXFileReference; fileEncoding = 4; lastKnownFileType = sourcecode.c.objc; path = TLUserExt.m; sourceTree = "<group>"; };
		21A7F2FB1FB2E2F900FAA0A2 /* UserDefaultsUtil.h */ = {isa = PBXFileReference; fileEncoding = 4; lastKnownFileType = sourcecode.c.h; path = UserDefaultsUtil.h; sourceTree = "<group>"; };
		21A7F2FD1FB2E2F900FAA0A2 /* TLUser.m */ = {isa = PBXFileReference; fileEncoding = 4; lastKnownFileType = sourcecode.c.objc; path = TLUser.m; sourceTree = "<group>"; };
		21A7F3011FB2E2F900FAA0A2 /* TLUserExt.h */ = {isa = PBXFileReference; fileEncoding = 4; lastKnownFileType = sourcecode.c.h; path = TLUserExt.h; sourceTree = "<group>"; };
		21A7F3021FB2E2F900FAA0A2 /* TLUser.h */ = {isa = PBXFileReference; fileEncoding = 4; lastKnownFileType = sourcecode.c.h; path = TLUser.h; sourceTree = "<group>"; };
		21A7F3041FB2E2F900FAA0A2 /* UserDefaultsUtil.m */ = {isa = PBXFileReference; fileEncoding = 4; lastKnownFileType = sourcecode.c.objc; path = UserDefaultsUtil.m; sourceTree = "<group>"; };
		21A7F3081FB2E2F900FAA0A2 /* AccountTf.m */ = {isa = PBXFileReference; fileEncoding = 4; lastKnownFileType = sourcecode.c.objc; path = AccountTf.m; sourceTree = "<group>"; };
		21A7F3091FB2E2F900FAA0A2 /* CaptchaView.h */ = {isa = PBXFileReference; fileEncoding = 4; lastKnownFileType = sourcecode.c.h; path = CaptchaView.h; sourceTree = "<group>"; };
		21A7F30C1FB2E2F900FAA0A2 /* CaptchaView.m */ = {isa = PBXFileReference; fileEncoding = 4; lastKnownFileType = sourcecode.c.objc; path = CaptchaView.m; sourceTree = "<group>"; };
		21A7F30D1FB2E2F900FAA0A2 /* AccountTf.h */ = {isa = PBXFileReference; fileEncoding = 4; lastKnownFileType = sourcecode.c.h; path = AccountTf.h; sourceTree = "<group>"; };
		21A7F3251FB2E4DF00FAA0A2 /* CustomUIHeader.h */ = {isa = PBXFileReference; lastKnownFileType = sourcecode.c.h; path = CustomUIHeader.h; sourceTree = "<group>"; };
		21A7F35C1FB2EBA900FAA0A2 /* CurrencyModel.m */ = {isa = PBXFileReference; fileEncoding = 4; lastKnownFileType = sourcecode.c.objc; path = CurrencyModel.m; sourceTree = "<group>"; };
		21A7F35D1FB2EBA900FAA0A2 /* CurrencyModel.h */ = {isa = PBXFileReference; fileEncoding = 4; lastKnownFileType = sourcecode.c.h; path = CurrencyModel.h; sourceTree = "<group>"; };
		21A7F3611FB2F16B00FAA0A2 /* HTMLStrVC.h */ = {isa = PBXFileReference; fileEncoding = 4; lastKnownFileType = sourcecode.c.h; path = HTMLStrVC.h; sourceTree = "<group>"; };
		21A7F3621FB2F16B00FAA0A2 /* HTMLStrVC.m */ = {isa = PBXFileReference; fileEncoding = 4; lastKnownFileType = sourcecode.c.objc; path = HTMLStrVC.m; sourceTree = "<group>"; };
		2E394FEB1FB0575A00BA0829 /* AppDelegate.m */ = {isa = PBXFileReference; fileEncoding = 4; lastKnownFileType = sourcecode.c.objc; path = AppDelegate.m; sourceTree = "<group>"; };
		2E394FEC1FB0575A00BA0829 /* AppDelegate.h */ = {isa = PBXFileReference; fileEncoding = 4; lastKnownFileType = sourcecode.c.h; path = AppDelegate.h; sourceTree = "<group>"; };
		2E394FEE1FB057B200BA0829 /* TLTabBarController.h */ = {isa = PBXFileReference; fileEncoding = 4; lastKnownFileType = sourcecode.c.h; path = TLTabBarController.h; sourceTree = "<group>"; };
		2E394FEF1FB057B200BA0829 /* TLTabBarController.m */ = {isa = PBXFileReference; fileEncoding = 4; lastKnownFileType = sourcecode.c.objc; path = TLTabBarController.m; sourceTree = "<group>"; };
		2E394FF01FB057B200BA0829 /* TLNavigationController.m */ = {isa = PBXFileReference; fileEncoding = 4; lastKnownFileType = sourcecode.c.objc; path = TLNavigationController.m; sourceTree = "<group>"; };
		2E394FF31FB057B200BA0829 /* TLNavigationController.h */ = {isa = PBXFileReference; fileEncoding = 4; lastKnownFileType = sourcecode.c.h; path = TLNavigationController.h; sourceTree = "<group>"; };
		2E394FF81FB059C100BA0829 /* TLBaseModel.h */ = {isa = PBXFileReference; fileEncoding = 4; lastKnownFileType = sourcecode.c.h; path = TLBaseModel.h; sourceTree = "<group>"; };
		2E394FF91FB059C100BA0829 /* TLBaseModel.m */ = {isa = PBXFileReference; fileEncoding = 4; lastKnownFileType = sourcecode.c.objc; path = TLBaseModel.m; sourceTree = "<group>"; };
		2E394FFA1FB059C100BA0829 /* TLBaseVC.m */ = {isa = PBXFileReference; fileEncoding = 4; lastKnownFileType = sourcecode.c.objc; path = TLBaseVC.m; sourceTree = "<group>"; };
		2E394FFB1FB059C100BA0829 /* TLBaseVC.h */ = {isa = PBXFileReference; fileEncoding = 4; lastKnownFileType = sourcecode.c.h; path = TLBaseVC.h; sourceTree = "<group>"; };
		2E394FFE1FB05ADB00BA0829 /* TLTransactionVC.h */ = {isa = PBXFileReference; lastKnownFileType = sourcecode.c.h; path = TLTransactionVC.h; sourceTree = "<group>"; };
		2E394FFF1FB05ADB00BA0829 /* TLTransactionVC.m */ = {isa = PBXFileReference; lastKnownFileType = sourcecode.c.objc; path = TLTransactionVC.m; sourceTree = "<group>"; };
		2E3950011FB05AF200BA0829 /* TLOrderVC.h */ = {isa = PBXFileReference; lastKnownFileType = sourcecode.c.h; path = TLOrderVC.h; sourceTree = "<group>"; };
		2E3950021FB05AF200BA0829 /* TLOrderVC.m */ = {isa = PBXFileReference; lastKnownFileType = sourcecode.c.objc; path = TLOrderVC.m; sourceTree = "<group>"; };
		2EA584B41FA813C900C7106C /* Coin.app */ = {isa = PBXFileReference; explicitFileType = wrapper.application; includeInIndex = 0; path = Coin.app; sourceTree = BUILT_PRODUCTS_DIR; };
		2EA584C01FA813C900C7106C /* Assets.xcassets */ = {isa = PBXFileReference; lastKnownFileType = folder.assetcatalog; path = Assets.xcassets; sourceTree = "<group>"; };
		2EA584C31FA813C900C7106C /* Base */ = {isa = PBXFileReference; lastKnownFileType = file.storyboard; name = Base; path = Base.lproj/LaunchScreen.storyboard; sourceTree = "<group>"; };
		2EA584C51FA813C900C7106C /* Info.plist */ = {isa = PBXFileReference; lastKnownFileType = text.plist.xml; path = Info.plist; sourceTree = "<group>"; };
		2EA584C61FA813C900C7106C /* main.m */ = {isa = PBXFileReference; lastKnownFileType = sourcecode.c.objc; path = main.m; sourceTree = "<group>"; };
		2EE950BE1FB05B2400429257 /* TLHangQingVC.h */ = {isa = PBXFileReference; lastKnownFileType = sourcecode.c.h; path = TLHangQingVC.h; sourceTree = "<group>"; };
		2EE950BF1FB05B2400429257 /* TLHangQingVC.m */ = {isa = PBXFileReference; lastKnownFileType = sourcecode.c.objc; path = TLHangQingVC.m; sourceTree = "<group>"; };
		2EE950C11FB05B4500429257 /* TLWalletVC.h */ = {isa = PBXFileReference; lastKnownFileType = sourcecode.c.h; path = TLWalletVC.h; sourceTree = "<group>"; };
		2EE950C21FB05B4500429257 /* TLWalletVC.m */ = {isa = PBXFileReference; lastKnownFileType = sourcecode.c.objc; path = TLWalletVC.m; sourceTree = "<group>"; };
		2EE950C41FB05B5900429257 /* TLMineVC.h */ = {isa = PBXFileReference; lastKnownFileType = sourcecode.c.h; path = TLMineVC.h; sourceTree = "<group>"; };
		2EE950C51FB05B5900429257 /* TLMineVC.m */ = {isa = PBXFileReference; lastKnownFileType = sourcecode.c.objc; path = TLMineVC.m; sourceTree = "<group>"; };
		2EE950D01FB066EB00429257 /* CoinChangeView.h */ = {isa = PBXFileReference; lastKnownFileType = sourcecode.c.h; path = CoinChangeView.h; sourceTree = "<group>"; };
		2EE950D11FB066EB00429257 /* CoinChangeView.m */ = {isa = PBXFileReference; lastKnownFileType = sourcecode.c.objc; path = CoinChangeView.m; sourceTree = "<group>"; };
		2EE950D31FB0685300429257 /* TLUIHeader.h */ = {isa = PBXFileReference; lastKnownFileType = sourcecode.c.h; path = TLUIHeader.h; sourceTree = "<group>"; };
		2EE950D51FB06AA900429257 /* TLBannerView.m */ = {isa = PBXFileReference; fileEncoding = 4; lastKnownFileType = sourcecode.c.objc; path = TLBannerView.m; sourceTree = "<group>"; };
		2EE950D61FB06AA900429257 /* TLBannerCell.m */ = {isa = PBXFileReference; fileEncoding = 4; lastKnownFileType = sourcecode.c.objc; path = TLBannerCell.m; sourceTree = "<group>"; };
		2EE950D71FB06AA900429257 /* TLBannerView.h */ = {isa = PBXFileReference; fileEncoding = 4; lastKnownFileType = sourcecode.c.h; path = TLBannerView.h; sourceTree = "<group>"; };
		2EE950D81FB06AA900429257 /* TLBannerCell.h */ = {isa = PBXFileReference; fileEncoding = 4; lastKnownFileType = sourcecode.c.h; path = TLBannerCell.h; sourceTree = "<group>"; };
		8863748C5281F9DC1DDF8EEA /* Pods-Coin.release.xcconfig */ = {isa = PBXFileReference; includeInIndex = 1; lastKnownFileType = text.xcconfig; name = "Pods-Coin.release.xcconfig"; path = "Pods/Target Support Files/Pods-Coin/Pods-Coin.release.xcconfig"; sourceTree = "<group>"; };
		AB34D27FC9725550E9092EC2 /* Pods-Coin.debug.xcconfig */ = {isa = PBXFileReference; includeInIndex = 1; lastKnownFileType = text.xcconfig; name = "Pods-Coin.debug.xcconfig"; path = "Pods/Target Support Files/Pods-Coin/Pods-Coin.debug.xcconfig"; sourceTree = "<group>"; };
/* End PBXFileReference section */

/* Begin PBXFrameworksBuildPhase section */
		2EA584B11FA813C900C7106C /* Frameworks */ = {
			isa = PBXFrameworksBuildPhase;
			buildActionMask = 2147483647;
			files = (
				06A1FB6431230E34B134069E /* libPods-Coin.a in Frameworks */,
			);
			runOnlyForDeploymentPostprocessing = 0;
		};
/* End PBXFrameworksBuildPhase section */

/* Begin PBXGroup section */
		211A34D81FB3F55600FEB71F /* View */ = {
			isa = PBXGroup;
			children = (
				211A34D51FB3F51400FEB71F /* MineHeaderView.h */,
				211A34D61FB3F51400FEB71F /* MineHeaderView.m */,
				211A34D91FB4083300FEB71F /* MineTableView.h */,
				211A34DA1FB4083300FEB71F /* MineTableView.m */,
				211A34DC1FB4245D00FEB71F /* MineCell.h */,
				211A34DD1FB4245D00FEB71F /* MineCell.m */,
			);
			path = View;
			sourceTree = "<group>";
		};
		211A34E51FB42F5000FEB71F /* 我的 */ = {
			isa = PBXGroup;
			children = (
				211A34E81FB42F6500FEB71F /* Controller */,
				211A34E71FB42F5F00FEB71F /* Model */,
				211A34E61FB42F5900FEB71F /* View */,
			);
			path = "我的";
			sourceTree = "<group>";
		};
		211A34E61FB42F5900FEB71F /* View */ = {
			isa = PBXGroup;
			children = (
				211A34FA1FB4504100FEB71F /* Setting */,
			);
			path = View;
			sourceTree = "<group>";
		};
		211A34E71FB42F5F00FEB71F /* Model */ = {
			isa = PBXGroup;
			children = (
				211A34F91FB4502D00FEB71F /* Setting */,
			);
			path = Model;
			sourceTree = "<group>";
		};
		211A34E81FB42F6500FEB71F /* Controller */ = {
			isa = PBXGroup;
			children = (
				211A34F81FB4502200FEB71F /* Setting */,
			);
			path = Controller;
			sourceTree = "<group>";
		};
		211A34F81FB4502200FEB71F /* Setting */ = {
			isa = PBXGroup;
			children = (
				211A34E91FB42F8100FEB71F /* SettingVC.h */,
				211A34EA1FB42F8100FEB71F /* SettingVC.m */,
				211A34FB1FB4507E00FEB71F /* IdAuthVC.h */,
				211A34FC1FB4507E00FEB71F /* IdAuthVC.m */,
			);
			path = Setting;
			sourceTree = "<group>";
		};
		211A34F91FB4502D00FEB71F /* Setting */ = {
			isa = PBXGroup;
			children = (
				211A34ED1FB430DA00FEB71F /* SettingGroup.h */,
				211A34EC1FB430DA00FEB71F /* SettingGroup.m */,
				211A34EF1FB430DB00FEB71F /* SettingModel.h */,
				211A34EE1FB430DB00FEB71F /* SettingModel.m */,
			);
			path = Setting;
			sourceTree = "<group>";
		};
		211A34FA1FB4504100FEB71F /* Setting */ = {
			isa = PBXGroup;
			children = (
				211A34F21FB430F900FEB71F /* SettingCell.h */,
				211A34F31FB430F900FEB71F /* SettingCell.m */,
				211A34F51FB4328800FEB71F /* SettingTableView.h */,
				211A34F61FB4328800FEB71F /* SettingTableView.m */,
			);
			path = Setting;
			sourceTree = "<group>";
		};
		211A35011FB45A5300FEB71F /* View */ = {
			isa = PBXGroup;
			children = (
			);
			path = View;
			sourceTree = "<group>";
		};
		211A35051FB45CB500FEB71F /* View */ = {
			isa = PBXGroup;
			children = (
				211A35021FB45A6A00FEB71F /* WalletHeaderView.h */,
				211A35031FB45A6A00FEB71F /* WalletHeaderView.m */,
			);
			path = View;
			sourceTree = "<group>";
		};
		211A35061FB461A400FEB71F /* Utils */ = {
			isa = PBXGroup;
			children = (
				211A35071FB461A400FEB71F /* CustomUI */,
				211A35201FB461A400FEB71F /* Category */,
				211A35541FB461A400FEB71F /* Networking */,
				211A355B1FB461A400FEB71F /* AppConfig */,
				211A355E1FB461A400FEB71F /* Macro */,
				211A35621FB461A400FEB71F /* AFNetworkingTool */,
			);
			path = Utils;
			sourceTree = "<group>";
		};
		211A35071FB461A400FEB71F /* CustomUI */ = {
			isa = PBXGroup;
			children = (
				211A35171FB461A400FEB71F /* TLDatePicker.h */,
				211A35091FB461A400FEB71F /* TLDatePicker.m */,
				211A35161FB461A400FEB71F /* TLTimeButton.h */,
				211A350A1FB461A400FEB71F /* TLTimeButton.m */,
				211A35181FB461A400FEB71F /* TLCaptchaView.h */,
				211A350B1FB461A400FEB71F /* TLCaptchaView.m */,
				211A35141FB461A400FEB71F /* TLPickerTextField.h */,
				211A350C1FB461A400FEB71F /* TLPickerTextField.m */,
				211A35151FB461A400FEB71F /* TLProgressHUD.h */,
				211A350D1FB461A400FEB71F /* TLProgressHUD.m */,
				211A351B1FB461A400FEB71F /* TLTextView.h */,
				211A350E1FB461A400FEB71F /* TLTextView.m */,
				211A350F1FB461A400FEB71F /* TLTableView.h */,
				211A351A1FB461A400FEB71F /* TLTableView.m */,
				211A35101FB461A400FEB71F /* TLAlert.h */,
				211A351C1FB461A400FEB71F /* TLAlert.m */,
				211A351F1FB461A400FEB71F /* BannerCell.h */,
				211A35111FB461A400FEB71F /* BannerCell.m */,
				211A351E1FB461A400FEB71F /* TLTextField.h */,
				211A35121FB461A400FEB71F /* TLTextField.m */,
				211A351D1FB461A400FEB71F /* TLPlaceholderView.h */,
				211A35131FB461A400FEB71F /* TLPlaceholderView.m */,
				211A35081FB461A400FEB71F /* TLImagePicker.h */,
				211A35191FB461A400FEB71F /* TLImagePicker.m */,
			);
			path = CustomUI;
			sourceTree = "<group>";
		};
		211A35201FB461A400FEB71F /* Category */ = {
			isa = PBXGroup;
			children = (
				211A35211FB461A400FEB71F /* UIKit */,
				211A353C1FB461A400FEB71F /* Foundation */,
			);
			path = Category;
			sourceTree = "<group>";
		};
		211A35211FB461A400FEB71F /* UIKit */ = {
			isa = PBXGroup;
			children = (
				211A35221FB461A400FEB71F /* UILabel */,
				211A35271FB461A400FEB71F /* UIButton */,
				211A352C1FB461A400FEB71F /* UIColor */,
				211A35311FB461A400FEB71F /* UIView */,
				211A35361FB461A400FEB71F /* UIBarButtonItem */,
				211A35391FB461A400FEB71F /* UIControl */,
			);
			path = UIKit;
			sourceTree = "<group>";
		};
		211A35221FB461A400FEB71F /* UILabel */ = {
			isa = PBXGroup;
			children = (
				211A35231FB461A400FEB71F /* UILable+convience.h */,
				211A35261FB461A400FEB71F /* UILable+convience.m */,
				211A35251FB461A400FEB71F /* UILabel+Extension.h */,
				211A35241FB461A400FEB71F /* UILabel+Extension.m */,
			);
			path = UILabel;
			sourceTree = "<group>";
		};
		211A35271FB461A400FEB71F /* UIButton */ = {
			isa = PBXGroup;
			children = (
				211A35281FB461A400FEB71F /* UIButton+Custom.h */,
				211A352B1FB461A400FEB71F /* UIButton+Custom.m */,
				211A35291FB461A400FEB71F /* UIButton+EnLargeEdge.h */,
				211A352A1FB461A400FEB71F /* UIButton+EnLargeEdge.m */,
			);
			path = UIButton;
			sourceTree = "<group>";
		};
		211A352C1FB461A400FEB71F /* UIColor */ = {
			isa = PBXGroup;
			children = (
				211A352D1FB461A400FEB71F /* UIColor+Extension.h */,
				211A352F1FB461A400FEB71F /* UIColor+Extension.m */,
				211A35301FB461A400FEB71F /* UIColor+theme.h */,
				211A352E1FB461A400FEB71F /* UIColor+theme.m */,
			);
			path = UIColor;
			sourceTree = "<group>";
		};
		211A35311FB461A400FEB71F /* UIView */ = {
			isa = PBXGroup;
			children = (
				211A35321FB461A400FEB71F /* UIView+Responder.h */,
				211A35341FB461A400FEB71F /* UIView+Responder.m */,
				211A35331FB461A400FEB71F /* UIView+Extension.h */,
				211A35351FB461A400FEB71F /* UIView+Extension.m */,
			);
			path = UIView;
			sourceTree = "<group>";
		};
		211A35361FB461A400FEB71F /* UIBarButtonItem */ = {
			isa = PBXGroup;
			children = (
				211A35371FB461A400FEB71F /* UIBarButtonItem+convience.h */,
				211A35381FB461A400FEB71F /* UIBarButtonItem+convience.m */,
			);
			path = UIBarButtonItem;
			sourceTree = "<group>";
		};
		211A35391FB461A400FEB71F /* UIControl */ = {
			isa = PBXGroup;
			children = (
				211A353B1FB461A400FEB71F /* UIControl+Block.h */,
				211A353A1FB461A400FEB71F /* UIControl+Block.m */,
			);
			path = UIControl;
			sourceTree = "<group>";
		};
		211A353C1FB461A400FEB71F /* Foundation */ = {
			isa = PBXGroup;
			children = (
				211A353D1FB461A400FEB71F /* NSDictionary */,
				211A35401FB461A400FEB71F /* NSString */,
				211A35491FB461A400FEB71F /* Foundation+Log.m */,
				211A354A1FB461A400FEB71F /* NSNumber */,
				211A354E1FB461A400FEB71F /* NSTimer */,
				211A35511FB461A400FEB71F /* NSObject */,
			);
			path = Foundation;
			sourceTree = "<group>";
		};
		211A353D1FB461A400FEB71F /* NSDictionary */ = {
			isa = PBXGroup;
			children = (
				211A353E1FB461A400FEB71F /* NSDictionary+Extension.h */,
				211A353F1FB461A400FEB71F /* NSDictionary+Extension.m */,
			);
			path = NSDictionary;
			sourceTree = "<group>";
		};
		211A35401FB461A400FEB71F /* NSString */ = {
			isa = PBXGroup;
			children = (
				211A35451FB461A400FEB71F /* NSString+Check.h */,
				211A35411FB461A400FEB71F /* NSString+Check.m */,
				211A35421FB461A400FEB71F /* NSString+Date.h */,
				211A35471FB461A400FEB71F /* NSString+Date.m */,
				211A35431FB461A400FEB71F /* NSString+Extension.h */,
				211A35461FB461A400FEB71F /* NSString+Extension.m */,
				211A35481FB461A400FEB71F /* NSString+CGSize.h */,
				211A35441FB461A400FEB71F /* NSString+CGSize.m */,
			);
			path = NSString;
			sourceTree = "<group>";
		};
		211A354A1FB461A400FEB71F /* NSNumber */ = {
			isa = PBXGroup;
			children = (
				211A354D1FB461A400FEB71F /* NSNumber+Extension.h */,
				211A354B1FB461A400FEB71F /* NSNumber+Extension.m */,
			);
			path = NSNumber;
			sourceTree = "<group>";
		};
		211A354E1FB461A400FEB71F /* NSTimer */ = {
			isa = PBXGroup;
			children = (
				211A354F1FB461A400FEB71F /* NSTimer+tlNoCycle.h */,
				211A35501FB461A400FEB71F /* NSTimer+tlNoCycle.m */,
			);
			path = NSTimer;
			sourceTree = "<group>";
		};
		211A35511FB461A400FEB71F /* NSObject */ = {
			isa = PBXGroup;
			children = (
				211A35521FB461A400FEB71F /* NSObject+Extension.h */,
				211A35531FB461A400FEB71F /* NSObject+Extension.m */,
			);
			path = NSObject;
			sourceTree = "<group>";
		};
		211A35541FB461A400FEB71F /* Networking */ = {
			isa = PBXGroup;
			children = (
				211A35581FB461A400FEB71F /* TLNetworking.h */,
				211A35551FB461A400FEB71F /* TLNetworking.m */,
				211A35561FB461A400FEB71F /* TLPageDataHelper.h */,
				211A35591FB461A400FEB71F /* TLPageDataHelper.m */,
				211A35571FB461A400FEB71F /* TLUploadManager.h */,
				211A355A1FB461A400FEB71F /* TLUploadManager.m */,
			);
			path = Networking;
			sourceTree = "<group>";
		};
		211A355B1FB461A400FEB71F /* AppConfig */ = {
			isa = PBXGroup;
			children = (
				211A355D1FB461A400FEB71F /* AppConfig.h */,
				211A355C1FB461A400FEB71F /* AppConfig.m */,
			);
			path = AppConfig;
			sourceTree = "<group>";
		};
		211A355E1FB461A400FEB71F /* Macro */ = {
			isa = PBXGroup;
			children = (
				211A35601FB461A400FEB71F /* AppMacro.h */,
				211A35611FB461A400FEB71F /* APICodeMacro.h */,
				211A355F1FB461A400FEB71F /* AppColorMacro.h */,
			);
			path = Macro;
			sourceTree = "<group>";
		};
		211A35621FB461A400FEB71F /* AFNetworkingTool */ = {
			isa = PBXGroup;
			children = (
				211A35641FB461A400FEB71F /* HttpSign.h */,
				211A35681FB461A400FEB71F /* HttpSign.m */,
				211A35671FB461A400FEB71F /* HttpLogger.h */,
				211A356B1FB461A400FEB71F /* HttpLogger.m */,
				211A35631FB461A400FEB71F /* HttpRequestService.h */,
				211A35691FB461A400FEB71F /* HttpRequestService.m */,
				211A356A1FB461A400FEB71F /* HttpRequestTool.h */,
				211A35651FB461A400FEB71F /* HttpRequestTool.m */,
				211A35661FB461A400FEB71F /* HttpRequestObject.h */,
				211A356C1FB461A400FEB71F /* HttpRequestObject.m */,
			);
			path = AFNetworkingTool;
			sourceTree = "<group>";
		};
		21A7F2D81FB2E2F900FAA0A2 /* 用户 */ = {
			isa = PBXGroup;
			children = (
				21A7F2D91FB2E2F900FAA0A2 /* Controller */,
				21A7F2F61FB2E2F900FAA0A2 /* Model */,
				21A7F3051FB2E2F900FAA0A2 /* View */,
			);
			path = "用户";
			sourceTree = "<group>";
		};
		21A7F2D91FB2E2F900FAA0A2 /* Controller */ = {
			isa = PBXGroup;
			children = (
				21A7F2E11FB2E2F900FAA0A2 /* UserInfo */,
				21A7F2EC1FB2E2F900FAA0A2 /* Login */,
				21A7F2F31FB2E2F900FAA0A2 /* Base */,
			);
			path = Controller;
			sourceTree = "<group>";
		};
		21A7F2E11FB2E2F900FAA0A2 /* UserInfo */ = {
			isa = PBXGroup;
			children = (
				21A7F2E31FB2E2F900FAA0A2 /* TLChangeMobileVC.h */,
				21A7F2E81FB2E2F900FAA0A2 /* TLChangeMobileVC.m */,
				21A7F2E91FB2E2F900FAA0A2 /* BindMobileVC.h */,
				21A7F2E41FB2E2F900FAA0A2 /* BindMobileVC.m */,
				21A7F2EB1FB2E2F900FAA0A2 /* TLAccountSetBaseVC.h */,
				21A7F2E51FB2E2F900FAA0A2 /* TLAccountSetBaseVC.m */,
				21A7F2EA1FB2E2F900FAA0A2 /* TLPwdRelatedVC.h */,
				21A7F2E61FB2E2F900FAA0A2 /* TLPwdRelatedVC.m */,
			);
			path = UserInfo;
			sourceTree = "<group>";
		};
		21A7F2EC1FB2E2F900FAA0A2 /* Login */ = {
			isa = PBXGroup;
			children = (
				21A7F2F01FB2E2F900FAA0A2 /* TLUserLoginVC.h */,
				21A7F2EE1FB2E2F900FAA0A2 /* TLUserLoginVC.m */,
				21A7F2EF1FB2E2F900FAA0A2 /* TLUserRegisterVC.h */,
				21A7F2F21FB2E2F900FAA0A2 /* TLUserRegisterVC.m */,
				21A7F2ED1FB2E2F900FAA0A2 /* TLUserForgetPwdVC.h */,
				21A7F2F11FB2E2F900FAA0A2 /* TLUserForgetPwdVC.m */,
			);
			path = Login;
			sourceTree = "<group>";
		};
		21A7F2F31FB2E2F900FAA0A2 /* Base */ = {
			isa = PBXGroup;
			children = (
				21A7F2F41FB2E2F900FAA0A2 /* TLAccountBaseVC.h */,
				21A7F2F51FB2E2F900FAA0A2 /* TLAccountBaseVC.m */,
			);
			path = Base;
			sourceTree = "<group>";
		};
		21A7F2F61FB2E2F900FAA0A2 /* Model */ = {
			isa = PBXGroup;
			children = (
				21A7F3021FB2E2F900FAA0A2 /* TLUser.h */,
				21A7F2FD1FB2E2F900FAA0A2 /* TLUser.m */,
				21A7F2F91FB2E2F900FAA0A2 /* TLUserExt.m */,
				21A7F3011FB2E2F900FAA0A2 /* TLUserExt.h */,
				21A7F2FB1FB2E2F900FAA0A2 /* UserDefaultsUtil.h */,
				21A7F3041FB2E2F900FAA0A2 /* UserDefaultsUtil.m */,
			);
			path = Model;
			sourceTree = "<group>";
		};
		21A7F3051FB2E2F900FAA0A2 /* View */ = {
			isa = PBXGroup;
			children = (
				21A7F3081FB2E2F900FAA0A2 /* AccountTf.m */,
				21A7F30D1FB2E2F900FAA0A2 /* AccountTf.h */,
				21A7F3091FB2E2F900FAA0A2 /* CaptchaView.h */,
				21A7F30C1FB2E2F900FAA0A2 /* CaptchaView.m */,
			);
			path = View;
			sourceTree = "<group>";
		};
		21A7F35B1FB2EB9300FAA0A2 /* Model */ = {
			isa = PBXGroup;
			children = (
				21A7F35D1FB2EBA900FAA0A2 /* CurrencyModel.h */,
				21A7F35C1FB2EBA900FAA0A2 /* CurrencyModel.m */,
				211A34DF1FB4247800FEB71F /* MineModel.h */,
				211A34E01FB4247800FEB71F /* MineModel.m */,
				211A34E21FB4255700FEB71F /* MineGroup.h */,
				211A34E31FB4255700FEB71F /* MineGroup.m */,
			);
			path = Model;
			sourceTree = "<group>";
		};
		2E394FA31FB0546E00BA0829 /* Classes */ = {
			isa = PBXGroup;
			children = (
				2E394FEC1FB0575A00BA0829 /* AppDelegate.h */,
				2E394FEB1FB0575A00BA0829 /* AppDelegate.m */,
				2E394FB01FB055DE00BA0829 /* 交易 */,
				2E394FA81FB055DE00BA0829 /* 订单 */,
				2E394FB41FB055DE00BA0829 /* 行情 */,
				2E394FA41FB055DE00BA0829 /* 钱包 */,
				2E394FAC1FB055DE00BA0829 /* 我的 */,
				2E394FD11FB0568F00BA0829 /* Modules */,
				2E394FEA1FB056A900BA0829 /* Other */,
				2E394FF71FB0599D00BA0829 /* Expand */,
			);
			path = Classes;
			sourceTree = "<group>";
		};
		2E394FA41FB055DE00BA0829 /* 钱包 */ = {
			isa = PBXGroup;
			children = (
				2E394FA51FB055DE00BA0829 /* Controller */,
				211A35051FB45CB500FEB71F /* View */,
				2E394FA61FB055DE00BA0829 /* Model */,
			);
			path = "钱包";
			sourceTree = "<group>";
		};
		2E394FA51FB055DE00BA0829 /* Controller */ = {
			isa = PBXGroup;
			children = (
				2EE950C11FB05B4500429257 /* TLWalletVC.h */,
				2EE950C21FB05B4500429257 /* TLWalletVC.m */,
			);
			path = Controller;
			sourceTree = "<group>";
		};
		2E394FA61FB055DE00BA0829 /* Model */ = {
			isa = PBXGroup;
			children = (
			);
			path = Model;
			sourceTree = "<group>";
		};
		2E394FA81FB055DE00BA0829 /* 订单 */ = {
			isa = PBXGroup;
			children = (
				2E394FA91FB055DE00BA0829 /* Controller */,
				2E394FAA1FB055DE00BA0829 /* Model */,
				2E394FAB1FB055DE00BA0829 /* View */,
			);
			path = "订单";
			sourceTree = "<group>";
		};
		2E394FA91FB055DE00BA0829 /* Controller */ = {
			isa = PBXGroup;
			children = (
				2E3950011FB05AF200BA0829 /* TLOrderVC.h */,
				2E3950021FB05AF200BA0829 /* TLOrderVC.m */,
			);
			path = Controller;
			sourceTree = "<group>";
		};
		2E394FAA1FB055DE00BA0829 /* Model */ = {
			isa = PBXGroup;
			children = (
			);
			path = Model;
			sourceTree = "<group>";
		};
		2E394FAB1FB055DE00BA0829 /* View */ = {
			isa = PBXGroup;
			children = (
			);
			path = View;
			sourceTree = "<group>";
		};
		2E394FAC1FB055DE00BA0829 /* 我的 */ = {
			isa = PBXGroup;
			children = (
				21A7F35B1FB2EB9300FAA0A2 /* Model */,
				211A34D81FB3F55600FEB71F /* View */,
				2E394FAD1FB055DE00BA0829 /* Controller */,
			);
			path = "我的";
			sourceTree = "<group>";
		};
		2E394FAD1FB055DE00BA0829 /* Controller */ = {
			isa = PBXGroup;
			children = (
				2EE950C41FB05B5900429257 /* TLMineVC.h */,
				2EE950C51FB05B5900429257 /* TLMineVC.m */,
			);
			path = Controller;
			sourceTree = "<group>";
		};
		2E394FB01FB055DE00BA0829 /* 交易 */ = {
			isa = PBXGroup;
			children = (
				2E394FB11FB055DE00BA0829 /* Controller */,
				2E394FB21FB055DE00BA0829 /* Model */,
				2E394FB31FB055DE00BA0829 /* View */,
			);
			path = "交易";
			sourceTree = "<group>";
		};
		2E394FB11FB055DE00BA0829 /* Controller */ = {
			isa = PBXGroup;
			children = (
				2E394FFE1FB05ADB00BA0829 /* TLTransactionVC.h */,
				2E394FFF1FB05ADB00BA0829 /* TLTransactionVC.m */,
			);
			path = Controller;
			sourceTree = "<group>";
		};
		2E394FB21FB055DE00BA0829 /* Model */ = {
			isa = PBXGroup;
			children = (
			);
			path = Model;
			sourceTree = "<group>";
		};
		2E394FB31FB055DE00BA0829 /* View */ = {
			isa = PBXGroup;
			children = (
				2EE950D41FB06AA900429257 /* BannerBrowser */,
				2EE950D01FB066EB00429257 /* CoinChangeView.h */,
				2EE950D11FB066EB00429257 /* CoinChangeView.m */,
			);
			path = View;
			sourceTree = "<group>";
		};
		2E394FB41FB055DE00BA0829 /* 行情 */ = {
			isa = PBXGroup;
			children = (
				2E394FB51FB055DE00BA0829 /* Controller */,
				2E394FB61FB055DE00BA0829 /* Model */,
				2E394FB71FB055DE00BA0829 /* View */,
			);
			path = "行情";
			sourceTree = "<group>";
		};
		2E394FB51FB055DE00BA0829 /* Controller */ = {
			isa = PBXGroup;
			children = (
				2EE950BE1FB05B2400429257 /* TLHangQingVC.h */,
				2EE950BF1FB05B2400429257 /* TLHangQingVC.m */,
			);
			path = Controller;
			sourceTree = "<group>";
		};
		2E394FB61FB055DE00BA0829 /* Model */ = {
			isa = PBXGroup;
			children = (
			);
			path = Model;
			sourceTree = "<group>";
		};
		2E394FB71FB055DE00BA0829 /* View */ = {
			isa = PBXGroup;
			children = (
			);
			path = View;
			sourceTree = "<group>";
		};
		2E394FD11FB0568F00BA0829 /* Modules */ = {
			isa = PBXGroup;
			children = (
				211A34E51FB42F5000FEB71F /* 我的 */,
				2E394FD21FB0568F00BA0829 /* 钱包 */,
				2E394FDA1FB0568F00BA0829 /* 交易 */,
				2E394FDE1FB0568F00BA0829 /* 订单 */,
				2E394FE21FB0568F00BA0829 /* 发布 */,
				2E394FE61FB0568F00BA0829 /* 行情 */,
				21A7F2D81FB2E2F900FAA0A2 /* 用户 */,
			);
			path = Modules;
			sourceTree = "<group>";
		};
		2E394FD21FB0568F00BA0829 /* 钱包 */ = {
			isa = PBXGroup;
			children = (
				2E394FD31FB0568F00BA0829 /* Controller */,
				211A35011FB45A5300FEB71F /* View */,
				2E394FD41FB0568F00BA0829 /* Model */,
			);
			path = "钱包";
			sourceTree = "<group>";
		};
		2E394FD31FB0568F00BA0829 /* Controller */ = {
			isa = PBXGroup;
			children = (
			);
			path = Controller;
			sourceTree = "<group>";
		};
		2E394FD41FB0568F00BA0829 /* Model */ = {
			isa = PBXGroup;
			children = (
			);
			path = Model;
			sourceTree = "<group>";
		};
		2E394FDA1FB0568F00BA0829 /* 交易 */ = {
			isa = PBXGroup;
			children = (
				2E394FDB1FB0568F00BA0829 /* Controller */,
				2E394FDC1FB0568F00BA0829 /* Model */,
				2E394FDD1FB0568F00BA0829 /* View */,
			);
			path = "交易";
			sourceTree = "<group>";
		};
		2E394FDB1FB0568F00BA0829 /* Controller */ = {
			isa = PBXGroup;
			children = (
			);
			path = Controller;
			sourceTree = "<group>";
		};
		2E394FDC1FB0568F00BA0829 /* Model */ = {
			isa = PBXGroup;
			children = (
			);
			path = Model;
			sourceTree = "<group>";
		};
		2E394FDD1FB0568F00BA0829 /* View */ = {
			isa = PBXGroup;
			children = (
			);
			path = View;
			sourceTree = "<group>";
		};
		2E394FDE1FB0568F00BA0829 /* 订单 */ = {
			isa = PBXGroup;
			children = (
				2E394FDF1FB0568F00BA0829 /* Controller */,
				2E394FE01FB0568F00BA0829 /* Model */,
				2E394FE11FB0568F00BA0829 /* View */,
			);
			path = "订单";
			sourceTree = "<group>";
		};
		2E394FDF1FB0568F00BA0829 /* Controller */ = {
			isa = PBXGroup;
			children = (
			);
			path = Controller;
			sourceTree = "<group>";
		};
		2E394FE01FB0568F00BA0829 /* Model */ = {
			isa = PBXGroup;
			children = (
			);
			path = Model;
			sourceTree = "<group>";
		};
		2E394FE11FB0568F00BA0829 /* View */ = {
			isa = PBXGroup;
			children = (
			);
			path = View;
			sourceTree = "<group>";
		};
		2E394FE21FB0568F00BA0829 /* 发布 */ = {
			isa = PBXGroup;
			children = (
				2E394FE31FB0568F00BA0829 /* Controller */,
				2E394FE41FB0568F00BA0829 /* Model */,
				2E394FE51FB0568F00BA0829 /* View */,
			);
			path = "发布";
			sourceTree = "<group>";
		};
		2E394FE31FB0568F00BA0829 /* Controller */ = {
			isa = PBXGroup;
			children = (
			);
			path = Controller;
			sourceTree = "<group>";
		};
		2E394FE41FB0568F00BA0829 /* Model */ = {
			isa = PBXGroup;
			children = (
			);
			path = Model;
			sourceTree = "<group>";
		};
		2E394FE51FB0568F00BA0829 /* View */ = {
			isa = PBXGroup;
			children = (
			);
			path = View;
			sourceTree = "<group>";
		};
		2E394FE61FB0568F00BA0829 /* 行情 */ = {
			isa = PBXGroup;
			children = (
				2E394FE71FB0568F00BA0829 /* Controller */,
				2E394FE81FB0568F00BA0829 /* Model */,
				2E394FE91FB0568F00BA0829 /* View */,
			);
			path = "行情";
			sourceTree = "<group>";
		};
		2E394FE71FB0568F00BA0829 /* Controller */ = {
			isa = PBXGroup;
			children = (
			);
			path = Controller;
			sourceTree = "<group>";
		};
		2E394FE81FB0568F00BA0829 /* Model */ = {
			isa = PBXGroup;
			children = (
			);
			path = Model;
			sourceTree = "<group>";
		};
		2E394FE91FB0568F00BA0829 /* View */ = {
			isa = PBXGroup;
			children = (
			);
			path = View;
			sourceTree = "<group>";
		};
		2E394FEA1FB056A900BA0829 /* Other */ = {
			isa = PBXGroup;
			children = (
				2E394FF31FB057B200BA0829 /* TLNavigationController.h */,
				2E394FF01FB057B200BA0829 /* TLNavigationController.m */,
				2E394FEE1FB057B200BA0829 /* TLTabBarController.h */,
				2E394FEF1FB057B200BA0829 /* TLTabBarController.m */,
				2EE950D31FB0685300429257 /* TLUIHeader.h */,
				21A7F2D21FB2D2D300FAA0A2 /* FoundationHeader.h */,
				21A7F3251FB2E4DF00FAA0A2 /* CustomUIHeader.h */,
				21A7F2D71FB2D62A00FAA0A2 /* CoinHeader.h */,
				211A35061FB461A400FEB71F /* Utils */,
			);
			path = Other;
			sourceTree = "<group>";
		};
		2E394FF71FB0599D00BA0829 /* Expand */ = {
			isa = PBXGroup;
			children = (
				2E394FF81FB059C100BA0829 /* TLBaseModel.h */,
				2E394FF91FB059C100BA0829 /* TLBaseModel.m */,
				2E394FFB1FB059C100BA0829 /* TLBaseVC.h */,
				2E394FFA1FB059C100BA0829 /* TLBaseVC.m */,
				21A7F3611FB2F16B00FAA0A2 /* HTMLStrVC.h */,
				21A7F3621FB2F16B00FAA0A2 /* HTMLStrVC.m */,
			);
			path = Expand;
			sourceTree = "<group>";
		};
		2EA584AB1FA813C900C7106C = {
			isa = PBXGroup;
			children = (
				2EA584B61FA813C900C7106C /* Coin */,
				2EA584B51FA813C900C7106C /* Products */,
				EF4FEB83EB9F1C8BF55AE31B /* Pods */,
				C678617F8B7C3B3F2F7DE44F /* Frameworks */,
			);
			sourceTree = "<group>";
		};
		2EA584B51FA813C900C7106C /* Products */ = {
			isa = PBXGroup;
			children = (
				2EA584B41FA813C900C7106C /* Coin.app */,
			);
			name = Products;
			sourceTree = "<group>";
		};
		2EA584B61FA813C900C7106C /* Coin */ = {
			isa = PBXGroup;
			children = (
				2E394FA31FB0546E00BA0829 /* Classes */,
				2EA584C01FA813C900C7106C /* Assets.xcassets */,
				2EA584C21FA813C900C7106C /* LaunchScreen.storyboard */,
				2EA584C51FA813C900C7106C /* Info.plist */,
				2EA584C61FA813C900C7106C /* main.m */,
			);
			path = Coin;
			sourceTree = "<group>";
		};
		2EE950D41FB06AA900429257 /* BannerBrowser */ = {
			isa = PBXGroup;
			children = (
				2EE950D51FB06AA900429257 /* TLBannerView.m */,
				2EE950D61FB06AA900429257 /* TLBannerCell.m */,
				2EE950D71FB06AA900429257 /* TLBannerView.h */,
				2EE950D81FB06AA900429257 /* TLBannerCell.h */,
			);
			path = BannerBrowser;
			sourceTree = "<group>";
		};
		C678617F8B7C3B3F2F7DE44F /* Frameworks */ = {
			isa = PBXGroup;
			children = (
				069160B7B0B5DDCD1B14B48A /* libPods-Coin.a */,
			);
			name = Frameworks;
			sourceTree = "<group>";
		};
		EF4FEB83EB9F1C8BF55AE31B /* Pods */ = {
			isa = PBXGroup;
			children = (
				AB34D27FC9725550E9092EC2 /* Pods-Coin.debug.xcconfig */,
				8863748C5281F9DC1DDF8EEA /* Pods-Coin.release.xcconfig */,
			);
			name = Pods;
			sourceTree = "<group>";
		};
/* End PBXGroup section */

/* Begin PBXNativeTarget section */
		2EA584B31FA813C900C7106C /* Coin */ = {
			isa = PBXNativeTarget;
			buildConfigurationList = 2EA584CA1FA813C900C7106C /* Build configuration list for PBXNativeTarget "Coin" */;
			buildPhases = (
				DC1EF316622605A8AD2B2DED /* [CP] Check Pods Manifest.lock */,
				2EA584B01FA813C900C7106C /* Sources */,
				2EA584B11FA813C900C7106C /* Frameworks */,
				2EA584B21FA813C900C7106C /* Resources */,
				270771B0BEF923FE20698DFB /* [CP] Embed Pods Frameworks */,
				B5188DADDA4FC85DCA5D496B /* [CP] Copy Pods Resources */,
			);
			buildRules = (
			);
			dependencies = (
			);
			name = Coin;
			productName = Coin;
			productReference = 2EA584B41FA813C900C7106C /* Coin.app */;
			productType = "com.apple.product-type.application";
		};
/* End PBXNativeTarget section */

/* Begin PBXProject section */
		2EA584AC1FA813C900C7106C /* Project object */ = {
			isa = PBXProject;
			attributes = {
				LastUpgradeCheck = 0900;
				ORGANIZATIONNAME = " tianlei";
				TargetAttributes = {
					2EA584B31FA813C900C7106C = {
						CreatedOnToolsVersion = 9.0.1;
						ProvisioningStyle = Automatic;
					};
				};
			};
			buildConfigurationList = 2EA584AF1FA813C900C7106C /* Build configuration list for PBXProject "Coin" */;
			compatibilityVersion = "Xcode 8.0";
			developmentRegion = en;
			hasScannedForEncodings = 0;
			knownRegions = (
				en,
				Base,
			);
			mainGroup = 2EA584AB1FA813C900C7106C;
			productRefGroup = 2EA584B51FA813C900C7106C /* Products */;
			projectDirPath = "";
			projectRoot = "";
			targets = (
				2EA584B31FA813C900C7106C /* Coin */,
			);
		};
/* End PBXProject section */

/* Begin PBXResourcesBuildPhase section */
		2EA584B21FA813C900C7106C /* Resources */ = {
			isa = PBXResourcesBuildPhase;
			buildActionMask = 2147483647;
			files = (
				2EA584C41FA813C900C7106C /* LaunchScreen.storyboard in Resources */,
				2EA584C11FA813C900C7106C /* Assets.xcassets in Resources */,
			);
			runOnlyForDeploymentPostprocessing = 0;
		};
/* End PBXResourcesBuildPhase section */

/* Begin PBXShellScriptBuildPhase section */
		270771B0BEF923FE20698DFB /* [CP] Embed Pods Frameworks */ = {
			isa = PBXShellScriptBuildPhase;
			buildActionMask = 2147483647;
			files = (
			);
			inputPaths = (
			);
			name = "[CP] Embed Pods Frameworks";
			outputPaths = (
			);
			runOnlyForDeploymentPostprocessing = 0;
			shellPath = /bin/sh;
			shellScript = "\"${SRCROOT}/Pods/Target Support Files/Pods-Coin/Pods-Coin-frameworks.sh\"\n";
			showEnvVarsInLog = 0;
		};
		B5188DADDA4FC85DCA5D496B /* [CP] Copy Pods Resources */ = {
			isa = PBXShellScriptBuildPhase;
			buildActionMask = 2147483647;
			files = (
			);
			inputPaths = (
				"${SRCROOT}/Pods/Target Support Files/Pods-Coin/Pods-Coin-resources.sh",
				"${PODS_ROOT}/IQKeyboardManager/IQKeyboardManager/Resources/IQKeyboardManager.bundle",
				"${PODS_ROOT}/MJRefresh/MJRefresh/MJRefresh.bundle",
				"${PODS_ROOT}/SVProgressHUD/SVProgressHUD/SVProgressHUD.bundle",
			);
			name = "[CP] Copy Pods Resources";
			outputPaths = (
				"${TARGET_BUILD_DIR}/${UNLOCALIZED_RESOURCES_FOLDER_PATH}",
			);
			runOnlyForDeploymentPostprocessing = 0;
			shellPath = /bin/sh;
			shellScript = "\"${SRCROOT}/Pods/Target Support Files/Pods-Coin/Pods-Coin-resources.sh\"\n";
			showEnvVarsInLog = 0;
		};
		DC1EF316622605A8AD2B2DED /* [CP] Check Pods Manifest.lock */ = {
			isa = PBXShellScriptBuildPhase;
			buildActionMask = 2147483647;
			files = (
			);
			inputPaths = (
				"${PODS_PODFILE_DIR_PATH}/Podfile.lock",
				"${PODS_ROOT}/Manifest.lock",
			);
			name = "[CP] Check Pods Manifest.lock";
			outputPaths = (
				"$(DERIVED_FILE_DIR)/Pods-Coin-checkManifestLockResult.txt",
			);
			runOnlyForDeploymentPostprocessing = 0;
			shellPath = /bin/sh;
			shellScript = "diff \"${PODS_PODFILE_DIR_PATH}/Podfile.lock\" \"${PODS_ROOT}/Manifest.lock\" > /dev/null\nif [ $? != 0 ] ; then\n    # print error to STDERR\n    echo \"error: The sandbox is not in sync with the Podfile.lock. Run 'pod install' or update your CocoaPods installation.\" >&2\n    exit 1\nfi\n# This output is used by Xcode 'outputs' to avoid re-running this script phase.\necho \"SUCCESS\" > \"${SCRIPT_OUTPUT_FILE_0}\"\n";
			showEnvVarsInLog = 0;
		};
/* End PBXShellScriptBuildPhase section */

/* Begin PBXSourcesBuildPhase section */
		2EA584B01FA813C900C7106C /* Sources */ = {
			isa = PBXSourcesBuildPhase;
			buildActionMask = 2147483647;
			files = (
				211A35791FB461A400FEB71F /* UILabel+Extension.m in Sources */,
				211A35941FB461A400FEB71F /* HttpRequestObject.m in Sources */,
				211A34F11FB430DB00FEB71F /* SettingModel.m in Sources */,
				21A7F3181FB2E2F900FAA0A2 /* TLUserRegisterVC.m in Sources */,
				21A7F3171FB2E2F900FAA0A2 /* TLUserForgetPwdVC.m in Sources */,
				21A7F3151FB2E2F900FAA0A2 /* TLChangeMobileVC.m in Sources */,
				21A7F3161FB2E2F900FAA0A2 /* TLUserLoginVC.m in Sources */,
				211A34EB1FB42F8100FEB71F /* SettingVC.m in Sources */,
				2E394FED1FB0575A00BA0829 /* AppDelegate.m in Sources */,
				211A35861FB461A400FEB71F /* NSString+Extension.m in Sources */,
				2E394FFD1FB059C100BA0829 /* TLBaseVC.m in Sources */,
				211A357D1FB461A400FEB71F /* UIColor+theme.m in Sources */,
				211A357B1FB461A400FEB71F /* UIButton+EnLargeEdge.m in Sources */,
				211A35811FB461A400FEB71F /* UIBarButtonItem+convience.m in Sources */,
				2E394FF51FB057B300BA0829 /* TLNavigationController.m in Sources */,
				211A35801FB461A400FEB71F /* UIView+Extension.m in Sources */,
				21A7F3241FB2E2F900FAA0A2 /* CaptchaView.m in Sources */,
				2EE950C61FB05B5900429257 /* TLMineVC.m in Sources */,
				211A34DE1FB4245D00FEB71F /* MineCell.m in Sources */,
				211A357F1FB461A400FEB71F /* UIView+Responder.m in Sources */,
				211A35831FB461A400FEB71F /* NSDictionary+Extension.m in Sources */,
				211A35841FB461A400FEB71F /* NSString+Check.m in Sources */,
				211A35701FB461A400FEB71F /* TLPickerTextField.m in Sources */,
				211A358D1FB461A400FEB71F /* TLPageDataHelper.m in Sources */,
				2EE950D21FB066EB00429257 /* CoinChangeView.m in Sources */,
				211A34F71FB4328800FEB71F /* SettingTableView.m in Sources */,
				211A358F1FB461A400FEB71F /* AppConfig.m in Sources */,
				211A358A1FB461A400FEB71F /* NSTimer+tlNoCycle.m in Sources */,
				2E3950001FB05ADB00BA0829 /* TLTransactionVC.m in Sources */,
				211A35781FB461A400FEB71F /* TLAlert.m in Sources */,
				21A7F3141FB2E2F900FAA0A2 /* TLPwdRelatedVC.m in Sources */,
				2EE950DA1FB06AA900429257 /* TLBannerCell.m in Sources */,
				211A35711FB461A400FEB71F /* TLProgressHUD.m in Sources */,
				21A7F3211FB2E2F900FAA0A2 /* AccountTf.m in Sources */,
				211A34D71FB3F51400FEB71F /* MineHeaderView.m in Sources */,
				211A356D1FB461A400FEB71F /* TLDatePicker.m in Sources */,
				211A35741FB461A400FEB71F /* TLTextField.m in Sources */,
				211A35911FB461A400FEB71F /* HttpSign.m in Sources */,
				21A7F3201FB2E2F900FAA0A2 /* UserDefaultsUtil.m in Sources */,
				211A34DB1FB4083300FEB71F /* MineTableView.m in Sources */,
				211A358C1FB461A400FEB71F /* TLNetworking.m in Sources */,
				211A34E11FB4247800FEB71F /* MineModel.m in Sources */,
				211A35751FB461A400FEB71F /* TLPlaceholderView.m in Sources */,
				211A35891FB461A400FEB71F /* NSNumber+Extension.m in Sources */,
				21A7F3631FB2F16C00FAA0A2 /* HTMLStrVC.m in Sources */,
				21A7F31E1FB2E2F900FAA0A2 /* TLUser.m in Sources */,
				211A35851FB461A400FEB71F /* NSString+CGSize.m in Sources */,
				211A357A1FB461A400FEB71F /* UILable+convience.m in Sources */,
				211A356F1FB461A400FEB71F /* TLCaptchaView.m in Sources */,
				2E394FFC1FB059C100BA0829 /* TLBaseModel.m in Sources */,
				211A35731FB461A400FEB71F /* BannerCell.m in Sources */,
				211A35881FB461A400FEB71F /* Foundation+Log.m in Sources */,
				211A358B1FB461A400FEB71F /* NSObject+Extension.m in Sources */,
				2EA584C71FA813C900C7106C /* main.m in Sources */,
				211A357E1FB461A400FEB71F /* UIColor+Extension.m in Sources */,
				211A356E1FB461A400FEB71F /* TLTimeButton.m in Sources */,
				211A35931FB461A400FEB71F /* HttpLogger.m in Sources */,
				21A7F3131FB2E2F900FAA0A2 /* TLAccountSetBaseVC.m in Sources */,
				211A35901FB461A400FEB71F /* HttpRequestTool.m in Sources */,
				21A7F35E1FB2EBAA00FAA0A2 /* CurrencyModel.m in Sources */,
				211A35921FB461A400FEB71F /* HttpRequestService.m in Sources */,
				211A35041FB45A6A00FEB71F /* WalletHeaderView.m in Sources */,
				211A357C1FB461A400FEB71F /* UIButton+Custom.m in Sources */,
				21A7F31C1FB2E2F900FAA0A2 /* TLUserExt.m in Sources */,
				211A35721FB461A400FEB71F /* TLTextView.m in Sources */,
				211A34FD1FB4507E00FEB71F /* IdAuthVC.m in Sources */,
				21A7F3121FB2E2F900FAA0A2 /* BindMobileVC.m in Sources */,
				2EE950C31FB05B4500429257 /* TLWalletVC.m in Sources */,
				211A35761FB461A400FEB71F /* TLImagePicker.m in Sources */,
				211A35771FB461A400FEB71F /* TLTableView.m in Sources */,
				211A34E41FB4255700FEB71F /* MineGroup.m in Sources */,
				211A35821FB461A400FEB71F /* UIControl+Block.m in Sources */,
				2E394FF41FB057B300BA0829 /* TLTabBarController.m in Sources */,
				2E3950031FB05AF200BA0829 /* TLOrderVC.m in Sources */,
				21A7F3191FB2E2F900FAA0A2 /* TLAccountBaseVC.m in Sources */,
				211A35871FB461A400FEB71F /* NSString+Date.m in Sources */,
				211A34F01FB430DB00FEB71F /* SettingGroup.m in Sources */,
				2EE950C01FB05B2400429257 /* TLHangQingVC.m in Sources */,
				2EE950D91FB06AA900429257 /* TLBannerView.m in Sources */,
				211A358E1FB461A400FEB71F /* TLUploadManager.m in Sources */,
				211A34F41FB430F900FEB71F /* SettingCell.m in Sources */,
			);
			runOnlyForDeploymentPostprocessing = 0;
		};
/* End PBXSourcesBuildPhase section */

/* Begin PBXVariantGroup section */
		2EA584C21FA813C900C7106C /* LaunchScreen.storyboard */ = {
			isa = PBXVariantGroup;
			children = (
				2EA584C31FA813C900C7106C /* Base */,
			);
			name = LaunchScreen.storyboard;
			sourceTree = "<group>";
		};
/* End PBXVariantGroup section */

/* Begin XCBuildConfiguration section */
		2EA584C81FA813C900C7106C /* Debug */ = {
			isa = XCBuildConfiguration;
			buildSettings = {
				ALWAYS_SEARCH_USER_PATHS = NO;
				CLANG_ANALYZER_NONNULL = YES;
				CLANG_ANALYZER_NUMBER_OBJECT_CONVERSION = YES_AGGRESSIVE;
				CLANG_CXX_LANGUAGE_STANDARD = "gnu++14";
				CLANG_CXX_LIBRARY = "libc++";
				CLANG_ENABLE_MODULES = YES;
				CLANG_ENABLE_OBJC_ARC = YES;
				CLANG_WARN_BLOCK_CAPTURE_AUTORELEASING = YES;
				CLANG_WARN_BOOL_CONVERSION = YES;
				CLANG_WARN_COMMA = YES;
				CLANG_WARN_CONSTANT_CONVERSION = YES;
				CLANG_WARN_DIRECT_OBJC_ISA_USAGE = YES_ERROR;
				CLANG_WARN_DOCUMENTATION_COMMENTS = YES;
				CLANG_WARN_EMPTY_BODY = YES;
				CLANG_WARN_ENUM_CONVERSION = YES;
				CLANG_WARN_INFINITE_RECURSION = YES;
				CLANG_WARN_INT_CONVERSION = YES;
				CLANG_WARN_NON_LITERAL_NULL_CONVERSION = YES;
				CLANG_WARN_OBJC_LITERAL_CONVERSION = YES;
				CLANG_WARN_OBJC_ROOT_CLASS = YES_ERROR;
				CLANG_WARN_RANGE_LOOP_ANALYSIS = YES;
				CLANG_WARN_STRICT_PROTOTYPES = YES;
				CLANG_WARN_SUSPICIOUS_MOVE = YES;
				CLANG_WARN_UNGUARDED_AVAILABILITY = YES_AGGRESSIVE;
				CLANG_WARN_UNREACHABLE_CODE = YES;
				CLANG_WARN__DUPLICATE_METHOD_MATCH = YES;
				CODE_SIGN_IDENTITY = "iPhone Developer";
				COPY_PHASE_STRIP = NO;
				DEBUG_INFORMATION_FORMAT = dwarf;
				ENABLE_STRICT_OBJC_MSGSEND = YES;
				ENABLE_TESTABILITY = YES;
				GCC_C_LANGUAGE_STANDARD = gnu11;
				GCC_DYNAMIC_NO_PIC = NO;
				GCC_NO_COMMON_BLOCKS = YES;
				GCC_OPTIMIZATION_LEVEL = 0;
				GCC_PREPROCESSOR_DEFINITIONS = (
					"DEBUG=1",
					"$(inherited)",
				);
				GCC_WARN_64_TO_32_BIT_CONVERSION = YES;
				GCC_WARN_ABOUT_RETURN_TYPE = YES_ERROR;
				GCC_WARN_UNDECLARED_SELECTOR = YES;
				GCC_WARN_UNINITIALIZED_AUTOS = YES_AGGRESSIVE;
				GCC_WARN_UNUSED_FUNCTION = YES;
				GCC_WARN_UNUSED_VARIABLE = YES;
				IPHONEOS_DEPLOYMENT_TARGET = 11.0;
				MTL_ENABLE_DEBUG_INFO = YES;
				ONLY_ACTIVE_ARCH = YES;
				SDKROOT = iphoneos;
			};
			name = Debug;
		};
		2EA584C91FA813C900C7106C /* Release */ = {
			isa = XCBuildConfiguration;
			buildSettings = {
				ALWAYS_SEARCH_USER_PATHS = NO;
				CLANG_ANALYZER_NONNULL = YES;
				CLANG_ANALYZER_NUMBER_OBJECT_CONVERSION = YES_AGGRESSIVE;
				CLANG_CXX_LANGUAGE_STANDARD = "gnu++14";
				CLANG_CXX_LIBRARY = "libc++";
				CLANG_ENABLE_MODULES = YES;
				CLANG_ENABLE_OBJC_ARC = YES;
				CLANG_WARN_BLOCK_CAPTURE_AUTORELEASING = YES;
				CLANG_WARN_BOOL_CONVERSION = YES;
				CLANG_WARN_COMMA = YES;
				CLANG_WARN_CONSTANT_CONVERSION = YES;
				CLANG_WARN_DIRECT_OBJC_ISA_USAGE = YES_ERROR;
				CLANG_WARN_DOCUMENTATION_COMMENTS = YES;
				CLANG_WARN_EMPTY_BODY = YES;
				CLANG_WARN_ENUM_CONVERSION = YES;
				CLANG_WARN_INFINITE_RECURSION = YES;
				CLANG_WARN_INT_CONVERSION = YES;
				CLANG_WARN_NON_LITERAL_NULL_CONVERSION = YES;
				CLANG_WARN_OBJC_LITERAL_CONVERSION = YES;
				CLANG_WARN_OBJC_ROOT_CLASS = YES_ERROR;
				CLANG_WARN_RANGE_LOOP_ANALYSIS = YES;
				CLANG_WARN_STRICT_PROTOTYPES = YES;
				CLANG_WARN_SUSPICIOUS_MOVE = YES;
				CLANG_WARN_UNGUARDED_AVAILABILITY = YES_AGGRESSIVE;
				CLANG_WARN_UNREACHABLE_CODE = YES;
				CLANG_WARN__DUPLICATE_METHOD_MATCH = YES;
				CODE_SIGN_IDENTITY = "iPhone Developer";
				COPY_PHASE_STRIP = NO;
				DEBUG_INFORMATION_FORMAT = "dwarf-with-dsym";
				ENABLE_NS_ASSERTIONS = NO;
				ENABLE_STRICT_OBJC_MSGSEND = YES;
				GCC_C_LANGUAGE_STANDARD = gnu11;
				GCC_NO_COMMON_BLOCKS = YES;
				GCC_WARN_64_TO_32_BIT_CONVERSION = YES;
				GCC_WARN_ABOUT_RETURN_TYPE = YES_ERROR;
				GCC_WARN_UNDECLARED_SELECTOR = YES;
				GCC_WARN_UNINITIALIZED_AUTOS = YES_AGGRESSIVE;
				GCC_WARN_UNUSED_FUNCTION = YES;
				GCC_WARN_UNUSED_VARIABLE = YES;
				IPHONEOS_DEPLOYMENT_TARGET = 11.0;
				MTL_ENABLE_DEBUG_INFO = NO;
				SDKROOT = iphoneos;
				VALIDATE_PRODUCT = YES;
			};
			name = Release;
		};
		2EA584CB1FA813C900C7106C /* Debug */ = {
			isa = XCBuildConfiguration;
			baseConfigurationReference = AB34D27FC9725550E9092EC2 /* Pods-Coin.debug.xcconfig */;
			buildSettings = {
				ASSETCATALOG_COMPILER_APPICON_NAME = AppIcon;
				CLANG_ENABLE_OBJC_WEAK = NO;
				CODE_SIGN_STYLE = Automatic;
				DEVELOPMENT_TEAM = 7K7EFNFZWL;
				INFOPLIST_FILE = Coin/Info.plist;
				IPHONEOS_DEPLOYMENT_TARGET = 9.0;
				LD_RUNPATH_SEARCH_PATHS = "$(inherited) @executable_path/Frameworks";
				PRODUCT_BUNDLE_IDENTIFIER = tian.Coin;
				PRODUCT_NAME = "$(TARGET_NAME)";
				TARGETED_DEVICE_FAMILY = 1;
			};
			name = Debug;
		};
		2EA584CC1FA813C900C7106C /* Release */ = {
			isa = XCBuildConfiguration;
			baseConfigurationReference = 8863748C5281F9DC1DDF8EEA /* Pods-Coin.release.xcconfig */;
			buildSettings = {
				ASSETCATALOG_COMPILER_APPICON_NAME = AppIcon;
				CLANG_ENABLE_OBJC_WEAK = NO;
				CODE_SIGN_STYLE = Automatic;
				DEVELOPMENT_TEAM = 7K7EFNFZWL;
				INFOPLIST_FILE = Coin/Info.plist;
				IPHONEOS_DEPLOYMENT_TARGET = 9.0;
				LD_RUNPATH_SEARCH_PATHS = "$(inherited) @executable_path/Frameworks";
				PRODUCT_BUNDLE_IDENTIFIER = tian.Coin;
				PRODUCT_NAME = "$(TARGET_NAME)";
				TARGETED_DEVICE_FAMILY = 1;
			};
			name = Release;
		};
/* End XCBuildConfiguration section */

/* Begin XCConfigurationList section */
		2EA584AF1FA813C900C7106C /* Build configuration list for PBXProject "Coin" */ = {
			isa = XCConfigurationList;
			buildConfigurations = (
				2EA584C81FA813C900C7106C /* Debug */,
				2EA584C91FA813C900C7106C /* Release */,
			);
			defaultConfigurationIsVisible = 0;
			defaultConfigurationName = Release;
		};
		2EA584CA1FA813C900C7106C /* Build configuration list for PBXNativeTarget "Coin" */ = {
			isa = XCConfigurationList;
			buildConfigurations = (
				2EA584CB1FA813C900C7106C /* Debug */,
				2EA584CC1FA813C900C7106C /* Release */,
			);
			defaultConfigurationIsVisible = 0;
			defaultConfigurationName = Release;
		};
/* End XCConfigurationList section */
	};
	rootObject = 2EA584AC1FA813C900C7106C /* Project object */;
}
